<?xml version="1.0" encoding="utf-8"?>
<Project ToolsVersion="4.0" xmlns="http://schemas.microsoft.com/developer/msbuild/2003">
  <ItemGroup>
    <Filter Include="ソース ファイル">
      <UniqueIdentifier>{4FC737F1-C7A5-4376-A066-2A32D752A2FF}</UniqueIdentifier>
      <Extensions>cpp;c;cc;cxx;c++;cppm;ixx;def;odl;idl;hpj;bat;asm;asmx</Extensions>
    </Filter>
    <Filter Include="ヘッダー ファイル">
      <UniqueIdentifier>{93995380-89BD-4b04-88EB-625FBE52EBFB}</UniqueIdentifier>
      <Extensions>h;hh;hpp;hxx;h++;hm;inl;inc;ipp;xsd</Extensions>
    </Filter>
    <Filter Include="リソース ファイル">
      <UniqueIdentifier>{67DA6AB6-F800-4c08-8B7A-83BB121AAD01}</UniqueIdentifier>
      <Extensions>rc;ico;cur;bmp;dlg;rc2;rct;bin;rgs;gif;jpg;jpeg;jpe;resx;tiff;tif;png;wav;mfcribbon-ms</Extensions>
    </Filter>
    <Filter Include="リソース ファイル\saveData">
      <UniqueIdentifier>{837a3427-15b0-464b-9ac9-679d6baf7cf5}</UniqueIdentifier>
    </Filter>
    <Filter Include="ソース ファイル\enemyPat">
      <UniqueIdentifier>{5f0b42a0-f134-47bc-93a7-946852f02c1b}</UniqueIdentifier>
    </Filter>
  </ItemGroup>
  <ItemGroup>
    <ClCompile Include="main.cpp">
      <Filter>ソース ファイル</Filter>
    </ClCompile>
    <ClCompile Include="backGround.cpp">
      <Filter>ソース ファイル</Filter>
    </ClCompile>
    <ClCompile Include="enemy.cpp">
      <Filter>ソース ファイル</Filter>
    </ClCompile>
    <ClCompile Include="enemyShot.cpp">
      <Filter>ソース ファイル</Filter>
    </ClCompile>
    <ClCompile Include="fileOpenClose.cpp">
      <Filter>ソース ファイル</Filter>
    </ClCompile>
    <ClCompile Include="fps.cpp">
      <Filter>ソース ファイル</Filter>
    </ClCompile>
    <ClCompile Include="getHitKeyStateAll2.cpp">
      <Filter>ソース ファイル</Filter>
    </ClCompile>
    <ClCompile Include="imgSoundLoad.cpp">
      <Filter>ソース ファイル</Filter>
    </ClCompile>
    <ClCompile Include="initial.cpp">
      <Filter>ソース ファイル</Filter>
    </ClCompile>
    <ClCompile Include="menu.cpp">
      <Filter>ソース ファイル</Filter>
    </ClCompile>
    <ClCompile Include="player.cpp">
      <Filter>ソース ファイル</Filter>
    </ClCompile>
    <ClCompile Include="playerShot.cpp">
      <Filter>ソース ファイル</Filter>
    </ClCompile>
    <ClCompile Include="stageData.cpp">
      <Filter>ソース ファイル</Filter>
    </ClCompile>
    <ClCompile Include="gv.cpp">
      <Filter>ソース ファイル</Filter>
    </ClCompile>
    <ClCompile Include="enemyPat_chatgpt1.cpp">
      <Filter>ソース ファイル\enemyPat</Filter>
    </ClCompile>
    <ClCompile Include="enemyPat_chatgpt2.cpp">
      <Filter>ソース ファイル\enemyPat</Filter>
    </ClCompile>
    <ClCompile Include="enemyPat_claude1.cpp">
      <Filter>ソース ファイル\enemyPat</Filter>
    </ClCompile>
    <ClCompile Include="enemyPat_claude2.cpp">
      <Filter>ソース ファイル\enemyPat</Filter>
    </ClCompile>
    <ClCompile Include="enemyPat_claude3.cpp">
      <Filter>ソース ファイル\enemyPat</Filter>
    </ClCompile>
    <ClCompile Include="enemyPat_deepseek1.cpp">
      <Filter>ソース ファイル\enemyPat</Filter>
    </ClCompile>
    <ClCompile Include="enemyPat_deepseek2.cpp">
      <Filter>ソース ファイル\enemyPat</Filter>
    </ClCompile>
    <ClCompile Include="enemyPat_gemini1.cpp">
      <Filter>ソース ファイル\enemyPat</Filter>
    </ClCompile>
    <ClCompile Include="enemyPat_gemini2.cpp">
      <Filter>ソース ファイル\enemyPat</Filter>
    </ClCompile>
    <ClCompile Include="enemyPat_grok1.cpp">
      <Filter>ソース ファイル\enemyPat</Filter>
    </ClCompile>
    <ClCompile Include="enemyPat_grok2.cpp">
      <Filter>ソース ファイル\enemyPat</Filter>
    </ClCompile>
    <ClCompile Include="enemyPat_sakana1.cpp">
      <Filter>ソース ファイル\enemyPat</Filter>
    </ClCompile>
    <ClCompile Include="enemyPat_sakana2.cpp">
      <Filter>ソース ファイル\enemyPat</Filter>
    </ClCompile>
    <ClCompile Include="enemyPat_handmade1.cpp">
      <Filter>ソース ファイル\enemyPat</Filter>
    </ClCompile>
    <ClCompile Include="enemyPat_handmade2.cpp">
      <Filter>ソース ファイル\enemyPat</Filter>
    </ClCompile>
    <ClCompile Include="enemyPat_handmade3.cpp">
      <Filter>ソース ファイル\enemyPat</Filter>
    </ClCompile>
    <ClCompile Include="enemyPat_sampleForAI.cpp">
      <Filter>ソース ファイル\enemyPat</Filter>
    </ClCompile>
    <ClCompile Include="enemyPat_chatgpt3.cpp">
      <Filter>ソース ファイル\enemyPat</Filter>
    </ClCompile>
    <ClCompile Include="enemyPat_claudeEx1.cpp">
      <Filter>ソース ファイル\enemyPat</Filter>
    </ClCompile>
    <ClCompile Include="enemyPat_claudeEx2.cpp">
      <Filter>ソース ファイル\enemyPat</Filter>
    </ClCompile>
    <ClCompile Include="enemyPat_deepseek3.cpp">
      <Filter>ソース ファイル\enemyPat</Filter>
    </ClCompile>
    <ClCompile Include="enemyPat_gemini3.cpp">
      <Filter>ソース ファイル\enemyPat</Filter>
    </ClCompile>
    <ClCompile Include="enemyPat_grok3.cpp">
      <Filter>ソース ファイル\enemyPat</Filter>
    </ClCompile>
    <ClCompile Include="enemyPat_sakana3.cpp">
      <Filter>ソース ファイル\enemyPat</Filter>
    </ClCompile>
    <ClCompile Include="enemyPat_qwen1.cpp">
      <Filter>ソース ファイル\enemyPat</Filter>
    </ClCompile>
    <ClCompile Include="enemyPat_qwen2.cpp">
      <Filter>ソース ファイル\enemyPat</Filter>
    </ClCompile>
    <ClCompile Include="enemyPat_qwen3.cpp">
      <Filter>ソース ファイル\enemyPat</Filter>
    </ClCompile>
    <ClCompile Include="enemyPat_deepseek4.cpp">
      <Filter>ソース ファイル\enemyPat</Filter>
    </ClCompile>
    <ClCompile Include="enemyPat_chatgpt4.cpp">
      <Filter>ソース ファイル\enemyPat</Filter>
    </ClCompile>
    <ClCompile Include="enemyPat_gemini4.cpp">
      <Filter>ソース ファイル\enemyPat</Filter>
    </ClCompile>
    <ClCompile Include="enemyPat_grok4.cpp">
      <Filter>ソース ファイル\enemyPat</Filter>
    </ClCompile>
    <ClCompile Include="enemyPat_qwen4.cpp">
      <Filter>ソース ファイル\enemyPat</Filter>
    </ClCompile>
    <ClCompile Include="enemyPat_sakana4.cpp">
      <Filter>ソース ファイル\enemyPat</Filter>
    </ClCompile>
    <ClCompile Include="enemyPat_claude4.cpp">
      <Filter>ソース ファイル\enemyPat</Filter>
    </ClCompile>
    <ClCompile Include="enemyPat_tmp.cpp">
      <Filter>ソース ファイル\enemyPat</Filter>
    </ClCompile>
    <ClCompile Include="enemyPat_chatgpt5.cpp">
      <Filter>ソース ファイル\enemyPat</Filter>
    </ClCompile>
    <ClCompile Include="enemyPat_claude5.cpp">
      <Filter>ソース ファイル\enemyPat</Filter>
    </ClCompile>
    <ClCompile Include="enemyPat_deepseek8.cpp">
      <Filter>ソース ファイル\enemyPat</Filter>
    </ClCompile>
    <ClCompile Include="enemyPat_chatgpt8.cpp">
      <Filter>ソース ファイル\enemyPat</Filter>
    </ClCompile>
    <ClCompile Include="enemyPat_gemini8.cpp">
      <Filter>ソース ファイル\enemyPat</Filter>
    </ClCompile>
    <ClCompile Include="enemyPat_grok8.cpp">
      <Filter>ソース ファイル\enemyPat</Filter>
    </ClCompile>
    <ClCompile Include="enemyPat_sakana8.cpp">
      <Filter>ソース ファイル\enemyPat</Filter>
    </ClCompile>
    <ClCompile Include="enemyPat_claude8.cpp">
      <Filter>ソース ファイル\enemyPat</Filter>
    </ClCompile>
    <ClCompile Include="enemyPat_qwen8.cpp">
      <Filter>ソース ファイル\enemyPat</Filter>
    </ClCompile>
    <ClCompile Include="enemyPat_deepseek5.cpp">
      <Filter>ソース ファイル\enemyPat</Filter>
    </ClCompile>
    <ClCompile Include="enemyPat_gemini5.cpp">
      <Filter>ソース ファイル\enemyPat</Filter>
    </ClCompile>
    <ClCompile Include="enemyPat_grok5.cpp">
      <Filter>ソース ファイル\enemyPat</Filter>
    </ClCompile>
    <ClCompile Include="enemyPat_qwen5.cpp">
      <Filter>ソース ファイル\enemyPat</Filter>
    </ClCompile>
    <ClCompile Include="enemyPat_sakana5.cpp">
      <Filter>ソース ファイル\enemyPat</Filter>
    </ClCompile>
    <ClCompile Include="enemyPat_deepseek6.cpp">
      <Filter>ソース ファイル\enemyPat</Filter>
    </ClCompile>
    <ClCompile Include="enemyPat_chatgpt6.cpp">
      <Filter>ソース ファイル\enemyPat</Filter>
    </ClCompile>
    <ClCompile Include="enemyPat_claude6.cpp">
      <Filter>ソース ファイル\enemyPat</Filter>
    </ClCompile>
    <ClCompile Include="enemyPat_gemini6.cpp">
      <Filter>ソース ファイル\enemyPat</Filter>
    </ClCompile>
    <ClCompile Include="enemyPat_grok6.cpp">
      <Filter>ソース ファイル\enemyPat</Filter>
    </ClCompile>
    <ClCompile Include="enemyPat_qwen6.cpp">
      <Filter>ソース ファイル\enemyPat</Filter>
    </ClCompile>
    <ClCompile Include="enemyPat_sakana6.cpp">
      <Filter>ソース ファイル\enemyPat</Filter>
    </ClCompile>
    <ClCompile Include="enemyPat_handmade4.cpp">
      <Filter>ソース ファイル\enemyPat</Filter>
    </ClCompile>
    <ClCompile Include="replay.cpp">
      <Filter>ソース ファイル</Filter>
    </ClCompile>
    <ClCompile Include="enemyPat_chatgpt7.cpp">
      <Filter>ソース ファイル\enemyPat</Filter>
    </ClCompile>
    <ClCompile Include="enemyPat_claude7.cpp">
      <Filter>ソース ファイル\enemyPat</Filter>
    </ClCompile>
    <ClCompile Include="enemyPat_deepseek7.cpp">
      <Filter>ソース ファイル\enemyPat</Filter>
    </ClCompile>
    <ClCompile Include="enemyPat_gemini7.cpp">
      <Filter>ソース ファイル\enemyPat</Filter>
    </ClCompile>
    <ClCompile Include="enemyPat_grok7.cpp">
      <Filter>ソース ファイル\enemyPat</Filter>
    </ClCompile>
    <ClCompile Include="enemyPat_qwen7.cpp">
      <Filter>ソース ファイル\enemyPat</Filter>
    </ClCompile>
    <ClCompile Include="enemyPat_sakana7.cpp">
      <Filter>ソース ファイル\enemyPat</Filter>
    </ClCompile>
    <ClCompile Include="enemyPat_grokEX1.cpp">
      <Filter>ソース ファイル\enemyPat</Filter>
    </ClCompile>
  </ItemGroup>
  <ItemGroup>
    <ClInclude Include="stageData.h">
      <Filter>ヘッダー ファイル</Filter>
    </ClInclude>
    <ClInclude Include="backGround.h">
      <Filter>ヘッダー ファイル</Filter>
    </ClInclude>
    <ClInclude Include="enemy.h">
      <Filter>ヘッダー ファイル</Filter>
    </ClInclude>
    <ClInclude Include="enemyShot.h">
      <Filter>ヘッダー ファイル</Filter>
    </ClInclude>
    <ClInclude Include="fileOpenClose.h">
      <Filter>ヘッダー ファイル</Filter>
    </ClInclude>
    <ClInclude Include="fps.h">
      <Filter>ヘッダー ファイル</Filter>
    </ClInclude>
    <ClInclude Include="getHitKeyStateAll2.h">
      <Filter>ヘッダー ファイル</Filter>
    </ClInclude>
    <ClInclude Include="gv.h">
      <Filter>ヘッダー ファイル</Filter>
    </ClInclude>
    <ClInclude Include="imgSoundLoad.h">
      <Filter>ヘッダー ファイル</Filter>
    </ClInclude>
    <ClInclude Include="initial.h">
      <Filter>ヘッダー ファイル</Filter>
    </ClInclude>
    <ClInclude Include="menu.h">
      <Filter>ヘッダー ファイル</Filter>
    </ClInclude>
    <ClInclude Include="player.h">
      <Filter>ヘッダー ファイル</Filter>
    </ClInclude>
    <ClInclude Include="playerShot.h">
      <Filter>ヘッダー ファイル</Filter>
    </ClInclude>
    <ClInclude Include="replay.h">
      <Filter>ヘッダー ファイル</Filter>
    </ClInclude>
  </ItemGroup>
  <ItemGroup>
    <None Include="saveData\bestTime.json">
      <Filter>リソース ファイル\saveData</Filter>
    </None>
  </ItemGroup>
</Project>