<?xml version="1.0" encoding="utf-8"?>
<Project ToolsVersion="4.0" xmlns="http://schemas.microsoft.com/developer/msbuild/2003">
  <ItemGroup>
    <Filter Include="ソース ファイル">
      <UniqueIdentifier>{4FC737F1-C7A5-4376-A066-2A32D752A2FF}</UniqueIdentifier>
      <Extensions>cpp;c;cc;cxx;c++;cppm;ixx;def;odl;idl;hpj;bat;asm;asmx</Extensions>
    </Filter>
    <Filter Include="ヘッダー ファイル">
      <UniqueIdentifier>{93995380-89BD-4b04-88EB-625FBE52EBFB}</UniqueIdentifier>
      <Extensions>h;hh;hpp;hxx;h++;hm;inl;inc;ipp;xsd</Extensions>
    </Filter>
    <Filter Include="リソース ファイル">
      <UniqueIdentifier>{67DA6AB6-F800-4c08-8B7A-83BB121AAD01}</UniqueIdentifier>
      <Extensions>rc;ico;cur;bmp;dlg;rc2;rct;bin;rgs;gif;jpg;jpeg;jpe;resx;tiff;tif;png;wav;mfcribbon-ms</Extensions>
    </Filter>
    <Filter Include="リソース ファイル\saveData">
      <UniqueIdentifier>{837a3427-15b0-464b-9ac9-679d6baf7cf5}</UniqueIdentifier>
    </Filter>
    <Filter Include="ソース ファイル\enemyPat">
      <UniqueIdentifier>{5f0b42a0-f134-47bc-93a7-946852f02c1b}</UniqueIdentifier>
    </Filter>
  </ItemGroup>
  <ItemGroup>
    <ClCompile Include="main.cpp">
      <Filter>ソース ファイル</Filter>
    </ClCompile>
    <ClCompile Include="gameScreen.cpp">
      <Filter>ソース ファイル</Filter>
    </ClCompile>
    <ClCompile Include="enemy.cpp">
      <Filter>ソース ファイル</Filter>
    </ClCompile>
    <ClCompile Include="enemyShot.cpp">
      <Filter>ソース ファイル</Filter>
    </ClCompile>
    <ClCompile Include="fileOpenClose.cpp">
      <Filter>ソース ファイル</Filter>
    </ClCompile>
    <ClCompile Include="fps.cpp">
      <Filter>ソース ファイル</Filter>
    </ClCompile>
    <ClCompile Include="getHitKeyStateAll2.cpp">
      <Filter>ソース ファイル</Filter>
    </ClCompile>
    <ClCompile Include="imgSoundLoad.cpp">
      <Filter>ソース ファイル</Filter>
    </ClCompile>
    <ClCompile Include="initial.cpp">
      <Filter>ソース ファイル</Filter>
    </ClCompile>
    <ClCompile Include="menu.cpp">
      <Filter>ソース ファイル</Filter>
    </ClCompile>
    <ClCompile Include="player.cpp">
      <Filter>ソース ファイル</Filter>
    </ClCompile>
    <ClCompile Include="playerShot.cpp">
      <Filter>ソース ファイル</Filter>
    </ClCompile>
    <ClCompile Include="stageData.cpp">
      <Filter>ソース ファイル</Filter>
    </ClCompile>
    <ClCompile Include="gv.cpp">
      <Filter>ソース ファイル</Filter>
    </ClCompile>
    <ClCompile Include="enemyPat_sampleForAI.cpp">
      <Filter>ソース ファイル\enemyPat</Filter>
    </ClCompile>
    <ClCompile Include="enemyPat_tmp.cpp">
      <Filter>ソース ファイル\enemyPat</Filter>
    </ClCompile>
    <ClCompile Include="enemyPat_DeepSeek113.cpp">
      <Filter>ソース ファイル\enemyPat</Filter>
    </ClCompile>
    <ClCompile Include="enemyPat_ChatGPT113.cpp">
      <Filter>ソース ファイル\enemyPat</Filter>
    </ClCompile>
    <ClCompile Include="enemyPat_Gemini113.cpp">
      <Filter>ソース ファイル\enemyPat</Filter>
    </ClCompile>
    <ClCompile Include="enemyPat_Grok113.cpp">
      <Filter>ソース ファイル\enemyPat</Filter>
    </ClCompile>
    <ClCompile Include="enemyPat_Claude113.cpp">
      <Filter>ソース ファイル\enemyPat</Filter>
    </ClCompile>
    <ClCompile Include="enemyPat_Qwen113.cpp">
      <Filter>ソース ファイル\enemyPat</Filter>
    </ClCompile>
    <ClCompile Include="enemyPat_MetaAI113.cpp">
      <Filter>ソース ファイル\enemyPat</Filter>
    </ClCompile>
    <ClCompile Include="enemyPat_Zai113.cpp">
      <Filter>ソース ファイル\enemyPat</Filter>
    </ClCompile>
    <ClCompile Include="enemyPat_DeepSeek112.cpp">
      <Filter>ソース ファイル\enemyPat</Filter>
    </ClCompile>
    <ClCompile Include="enemyPat_ChatGPT112.cpp">
      <Filter>ソース ファイル\enemyPat</Filter>
    </ClCompile>
    <ClCompile Include="enemyPat_Gemini112.cpp">
      <Filter>ソース ファイル\enemyPat</Filter>
    </ClCompile>
    <ClCompile Include="enemyPat_Grok112.cpp">
      <Filter>ソース ファイル\enemyPat</Filter>
    </ClCompile>
    <ClCompile Include="enemyPat_Claude112.cpp">
      <Filter>ソース ファイル\enemyPat</Filter>
    </ClCompile>
    <ClCompile Include="enemyPat_Qwen112.cpp">
      <Filter>ソース ファイル\enemyPat</Filter>
    </ClCompile>
    <ClCompile Include="enemyPat_Sakana112.cpp">
      <Filter>ソース ファイル\enemyPat</Filter>
    </ClCompile>
    <ClCompile Include="enemyPat_Zai112.cpp">
      <Filter>ソース ファイル\enemyPat</Filter>
    </ClCompile>
    <ClCompile Include="enemyPat_DeepSeek111.cpp">
      <Filter>ソース ファイル\enemyPat</Filter>
    </ClCompile>
    <ClCompile Include="enemyPat_ChatGPT111.cpp">
      <Filter>ソース ファイル\enemyPat</Filter>
    </ClCompile>
    <ClCompile Include="enemyPat_Gemini111.cpp">
      <Filter>ソース ファイル\enemyPat</Filter>
    </ClCompile>
    <ClCompile Include="enemyPat_Grok111.cpp">
      <Filter>ソース ファイル\enemyPat</Filter>
    </ClCompile>
    <ClCompile Include="enemyPat_Claude111.cpp">
      <Filter>ソース ファイル\enemyPat</Filter>
    </ClCompile>
    <ClCompile Include="enemyPat_Qwen111.cpp">
      <Filter>ソース ファイル\enemyPat</Filter>
    </ClCompile>
    <ClCompile Include="enemyPat_MetaAI111.cpp">
      <Filter>ソース ファイル\enemyPat</Filter>
    </ClCompile>
    <ClCompile Include="enemyPat_Zai111.cpp">
      <Filter>ソース ファイル\enemyPat</Filter>
    </ClCompile>
    <ClCompile Include="enemyPat_DeepSeek110.cpp">
      <Filter>ソース ファイル\enemyPat</Filter>
    </ClCompile>
    <ClCompile Include="enemyPat_ChatGPT110.cpp">
      <Filter>ソース ファイル\enemyPat</Filter>
    </ClCompile>
    <ClCompile Include="enemyPat_Gemini110.cpp">
      <Filter>ソース ファイル\enemyPat</Filter>
    </ClCompile>
    <ClCompile Include="enemyPat_Grok110.cpp">
      <Filter>ソース ファイル\enemyPat</Filter>
    </ClCompile>
    <ClCompile Include="enemyPat_Claude110.cpp">
      <Filter>ソース ファイル\enemyPat</Filter>
    </ClCompile>
    <ClCompile Include="enemyPat_Qwen110.cpp">
      <Filter>ソース ファイル\enemyPat</Filter>
    </ClCompile>
    <ClCompile Include="enemyPat_MetaAI110.cpp">
      <Filter>ソース ファイル\enemyPat</Filter>
    </ClCompile>
    <ClCompile Include="enemyPat_Zai110.cpp">
      <Filter>ソース ファイル\enemyPat</Filter>
    </ClCompile>
    <ClCompile Include="enemyPat_DeepSeek109.cpp">
      <Filter>ソース ファイル\enemyPat</Filter>
    </ClCompile>
    <ClCompile Include="enemyPat_ChatGPT109.cpp">
      <Filter>ソース ファイル\enemyPat</Filter>
    </ClCompile>
    <ClCompile Include="enemyPat_Gemini109.cpp">
      <Filter>ソース ファイル\enemyPat</Filter>
    </ClCompile>
    <ClCompile Include="enemyPat_Grok109.cpp">
      <Filter>ソース ファイル\enemyPat</Filter>
    </ClCompile>
    <ClCompile Include="enemyPat_Claude109.cpp">
      <Filter>ソース ファイル\enemyPat</Filter>
    </ClCompile>
    <ClCompile Include="enemyPat_Qwen109.cpp">
      <Filter>ソース ファイル\enemyPat</Filter>
    </ClCompile>
    <ClCompile Include="enemyPat_MetaAI109.cpp">
      <Filter>ソース ファイル\enemyPat</Filter>
    </ClCompile>
    <ClCompile Include="enemyPat_Zai109.cpp">
      <Filter>ソース ファイル\enemyPat</Filter>
    </ClCompile>
    <ClCompile Include="enemyPat_DeepSeek108.cpp">
      <Filter>ソース ファイル\enemyPat</Filter>
    </ClCompile>
    <ClCompile Include="enemyPat_ChatGPT108.cpp">
      <Filter>ソース ファイル\enemyPat</Filter>
    </ClCompile>
    <ClCompile Include="enemyPat_Gemini108.cpp">
      <Filter>ソース ファイル\enemyPat</Filter>
    </ClCompile>
    <ClCompile Include="enemyPat_Grok108.cpp">
      <Filter>ソース ファイル\enemyPat</Filter>
    </ClCompile>
    <ClCompile Include="enemyPat_Claude108.cpp">
      <Filter>ソース ファイル\enemyPat</Filter>
    </ClCompile>
    <ClCompile Include="enemyPat_Qwen108.cpp">
      <Filter>ソース ファイル\enemyPat</Filter>
    </ClCompile>
    <ClCompile Include="enemyPat_MetaAI108.cpp">
      <Filter>ソース ファイル\enemyPat</Filter>
    </ClCompile>
    <ClCompile Include="enemyPat_Zai108.cpp">
      <Filter>ソース ファイル\enemyPat</Filter>
    </ClCompile>
    <ClCompile Include="enemyPat_DeepSeek107.cpp">
      <Filter>ソース ファイル\enemyPat</Filter>
    </ClCompile>
    <ClCompile Include="enemyPat_ChatGPT107.cpp">
      <Filter>ソース ファイル\enemyPat</Filter>
    </ClCompile>
    <ClCompile Include="enemyPat_Gemini107.cpp">
      <Filter>ソース ファイル\enemyPat</Filter>
    </ClCompile>
    <ClCompile Include="enemyPat_Grok107.cpp">
      <Filter>ソース ファイル\enemyPat</Filter>
    </ClCompile>
    <ClCompile Include="enemyPat_Claude107.cpp">
      <Filter>ソース ファイル\enemyPat</Filter>
    </ClCompile>
    <ClCompile Include="enemyPat_Qwen107.cpp">
      <Filter>ソース ファイル\enemyPat</Filter>
    </ClCompile>
    <ClCompile Include="enemyPat_MetaAI107.cpp">
      <Filter>ソース ファイル\enemyPat</Filter>
    </ClCompile>
    <ClCompile Include="enemyPat_Zai107.cpp">
      <Filter>ソース ファイル\enemyPat</Filter>
    </ClCompile>
    <ClCompile Include="enemyPat_DeepSeek106.cpp">
      <Filter>ソース ファイル\enemyPat</Filter>
    </ClCompile>
    <ClCompile Include="enemyPat_ChatGPT106.cpp">
      <Filter>ソース ファイル\enemyPat</Filter>
    </ClCompile>
    <ClCompile Include="enemyPat_Gemini106.cpp">
      <Filter>ソース ファイル\enemyPat</Filter>
    </ClCompile>
    <ClCompile Include="enemyPat_Grok106.cpp">
      <Filter>ソース ファイル\enemyPat</Filter>
    </ClCompile>
    <ClCompile Include="enemyPat_Claude106.cpp">
      <Filter>ソース ファイル\enemyPat</Filter>
    </ClCompile>
    <ClCompile Include="enemyPat_Qwen106.cpp">
      <Filter>ソース ファイル\enemyPat</Filter>
    </ClCompile>
    <ClCompile Include="enemyPat_MetaAI106.cpp">
      <Filter>ソース ファイル\enemyPat</Filter>
    </ClCompile>
    <ClCompile Include="enemyPat_Zai106.cpp">
      <Filter>ソース ファイル\enemyPat</Filter>
    </ClCompile>
    <ClCompile Include="enemyPat_DeepSeek105.cpp">
      <Filter>ソース ファイル\enemyPat</Filter>
    </ClCompile>
    <ClCompile Include="enemyPat_ChatGPT105.cpp">
      <Filter>ソース ファイル\enemyPat</Filter>
    </ClCompile>
    <ClCompile Include="enemyPat_Gemini105.cpp">
      <Filter>ソース ファイル\enemyPat</Filter>
    </ClCompile>
    <ClCompile Include="enemyPat_Grok105.cpp">
      <Filter>ソース ファイル\enemyPat</Filter>
    </ClCompile>
    <ClCompile Include="enemyPat_Claude105.cpp">
      <Filter>ソース ファイル\enemyPat</Filter>
    </ClCompile>
    <ClCompile Include="enemyPat_Qwen105.cpp">
      <Filter>ソース ファイル\enemyPat</Filter>
    </ClCompile>
    <ClCompile Include="enemyPat_MetaAI105.cpp">
      <Filter>ソース ファイル\enemyPat</Filter>
    </ClCompile>
    <ClCompile Include="enemyPat_Zai105.cpp">
      <Filter>ソース ファイル\enemyPat</Filter>
    </ClCompile>
    <ClCompile Include="enemyPat_DeepSeek104.cpp">
      <Filter>ソース ファイル\enemyPat</Filter>
    </ClCompile>
    <ClCompile Include="enemyPat_ChatGPT104.cpp">
      <Filter>ソース ファイル\enemyPat</Filter>
    </ClCompile>
    <ClCompile Include="enemyPat_Gemini104.cpp">
      <Filter>ソース ファイル\enemyPat</Filter>
    </ClCompile>
    <ClCompile Include="enemyPat_Grok104.cpp">
      <Filter>ソース ファイル\enemyPat</Filter>
    </ClCompile>
    <ClCompile Include="enemyPat_Claude104.cpp">
      <Filter>ソース ファイル\enemyPat</Filter>
    </ClCompile>
    <ClCompile Include="enemyPat_Qwen104.cpp">
      <Filter>ソース ファイル\enemyPat</Filter>
    </ClCompile>
    <ClCompile Include="enemyPat_MetaAI104.cpp">
      <Filter>ソース ファイル\enemyPat</Filter>
    </ClCompile>
    <ClCompile Include="enemyPat_Zai104.cpp">
      <Filter>ソース ファイル\enemyPat</Filter>
    </ClCompile>
    <ClCompile Include="enemyPat_DeepSeek103.cpp">
      <Filter>ソース ファイル\enemyPat</Filter>
    </ClCompile>
    <ClCompile Include="enemyPat_ChatGPT103.cpp">
      <Filter>ソース ファイル\enemyPat</Filter>
    </ClCompile>
    <ClCompile Include="enemyPat_Gemini103.cpp">
      <Filter>ソース ファイル\enemyPat</Filter>
    </ClCompile>
    <ClCompile Include="enemyPat_Grok103.cpp">
      <Filter>ソース ファイル\enemyPat</Filter>
    </ClCompile>
    <ClCompile Include="enemyPat_Claude103.cpp">
      <Filter>ソース ファイル\enemyPat</Filter>
    </ClCompile>
    <ClCompile Include="enemyPat_Qwen103.cpp">
      <Filter>ソース ファイル\enemyPat</Filter>
    </ClCompile>
    <ClCompile Include="enemyPat_MetaAI103.cpp">
      <Filter>ソース ファイル\enemyPat</Filter>
    </ClCompile>
    <ClCompile Include="enemyPat_Zai103.cpp">
      <Filter>ソース ファイル\enemyPat</Filter>
    </ClCompile>
    <ClCompile Include="enemyPat_DeepSeek102.cpp">
      <Filter>ソース ファイル\enemyPat</Filter>
    </ClCompile>
    <ClCompile Include="enemyPat_ChatGPT102.cpp">
      <Filter>ソース ファイル\enemyPat</Filter>
    </ClCompile>
    <ClCompile Include="enemyPat_Gemini102.cpp">
      <Filter>ソース ファイル\enemyPat</Filter>
    </ClCompile>
    <ClCompile Include="enemyPat_Grok102.cpp">
      <Filter>ソース ファイル\enemyPat</Filter>
    </ClCompile>
    <ClCompile Include="enemyPat_Claude102.cpp">
      <Filter>ソース ファイル\enemyPat</Filter>
    </ClCompile>
    <ClCompile Include="enemyPat_Qwen102.cpp">
      <Filter>ソース ファイル\enemyPat</Filter>
    </ClCompile>
    <ClCompile Include="enemyPat_MetaAI102.cpp">
      <Filter>ソース ファイル\enemyPat</Filter>
    </ClCompile>
    <ClCompile Include="enemyPat_Zai102.cpp">
      <Filter>ソース ファイル\enemyPat</Filter>
    </ClCompile>
    <ClCompile Include="enemyPat_DeepSeek101.cpp">
      <Filter>ソース ファイル\enemyPat</Filter>
    </ClCompile>
    <ClCompile Include="enemyPat_ChatGPT101.cpp">
      <Filter>ソース ファイル\enemyPat</Filter>
    </ClCompile>
    <ClCompile Include="enemyPat_Gemini101.cpp">
      <Filter>ソース ファイル\enemyPat</Filter>
    </ClCompile>
    <ClCompile Include="enemyPat_Grok101.cpp">
      <Filter>ソース ファイル\enemyPat</Filter>
    </ClCompile>
    <ClCompile Include="enemyPat_Claude101.cpp">
      <Filter>ソース ファイル\enemyPat</Filter>
    </ClCompile>
    <ClCompile Include="enemyPat_Qwen101.cpp">
      <Filter>ソース ファイル\enemyPat</Filter>
    </ClCompile>
    <ClCompile Include="enemyPat_MetaAI101.cpp">
      <Filter>ソース ファイル\enemyPat</Filter>
    </ClCompile>
    <ClCompile Include="enemyPat_Zai101.cpp">
      <Filter>ソース ファイル\enemyPat</Filter>
    </ClCompile>
    <ClCompile Include="enemyPat_handmade14.cpp">
      <Filter>ソース ファイル\enemyPat</Filter>
    </ClCompile>
    <ClCompile Include="replay.cpp">
      <Filter>ソース ファイル</Filter>
    </ClCompile>
    <ClCompile Include="stateManager.cpp">
      <Filter>ソース ファイル</Filter>
    </ClCompile>
    <ClCompile Include="effectRand.cpp">
      <Filter>ソース ファイル</Filter>
    </ClCompile>
    <ClCompile Include="masterpieceViewer.cpp">
      <Filter>ソース ファイル</Filter>
    </ClCompile>
    <ClCompile Include="recordController.cpp">
      <Filter>ソース ファイル</Filter>
    </ClCompile>
    <ClCompile Include="tasController.cpp">
      <Filter>ソース ファイル</Filter>
    </ClCompile>
    <ClCompile Include="tasAutoMaker.cpp">
      <Filter>ソース ファイル</Filter>
    </ClCompile>
    <ClCompile Include="pch.cpp">
      <Filter>ソース ファイル</Filter>
    </ClCompile>
  </ItemGroup>
  <ItemGroup>
    <ClInclude Include="stageData.h">
      <Filter>ヘッダー ファイル</Filter>
    </ClInclude>
    <ClInclude Include="gameScreen.h">
      <Filter>ヘッダー ファイル</Filter>
    </ClInclude>
    <ClInclude Include="enemy.h">
      <Filter>ヘッダー ファイル</Filter>
    </ClInclude>
    <ClInclude Include="enemyShot.h">
      <Filter>ヘッダー ファイル</Filter>
    </ClInclude>
    <ClInclude Include="fileOpenClose.h">
      <Filter>ヘッダー ファイル</Filter>
    </ClInclude>
    <ClInclude Include="fps.h">
      <Filter>ヘッダー ファイル</Filter>
    </ClInclude>
    <ClInclude Include="getHitKeyStateAll2.h">
      <Filter>ヘッダー ファイル</Filter>
    </ClInclude>
    <ClInclude Include="gv.h">
      <Filter>ヘッダー ファイル</Filter>
    </ClInclude>
    <ClInclude Include="imgSoundLoad.h">
      <Filter>ヘッダー ファイル</Filter>
    </ClInclude>
    <ClInclude Include="initial.h">
      <Filter>ヘッダー ファイル</Filter>
    </ClInclude>
    <ClInclude Include="menu.h">
      <Filter>ヘッダー ファイル</Filter>
    </ClInclude>
    <ClInclude Include="player.h">
      <Filter>ヘッダー ファイル</Filter>
    </ClInclude>
    <ClInclude Include="playerShot.h">
      <Filter>ヘッダー ファイル</Filter>
    </ClInclude>
    <ClInclude Include="replay.h">
      <Filter>ヘッダー ファイル</Filter>
    </ClInclude>
    <ClInclude Include="stateManager.h">
      <Filter>ヘッダー ファイル</Filter>
    </ClInclude>
    <ClInclude Include="effectRand.h">
      <Filter>ヘッダー ファイル</Filter>
    </ClInclude>
    <ClInclude Include="masterpieceViewer.h">
      <Filter>ヘッダー ファイル</Filter>
    </ClInclude>
    <ClInclude Include="recordController.h">
      <Filter>ヘッダー ファイル</Filter>
    </ClInclude>
    <ClInclude Include="tasController.h">
      <Filter>ヘッダー ファイル</Filter>
    </ClInclude>
    <ClInclude Include="tasAutoMaker.h">
      <Filter>ヘッダー ファイル</Filter>
    </ClInclude>
    <ClInclude Include="pch.h">
      <Filter>ヘッダー ファイル</Filter>
    </ClInclude>
  </ItemGroup>
  <ItemGroup>
    <None Include="saveData\bestTime.json">
      <Filter>リソース ファイル\saveData</Filter>
    </None>
    <None Include="saveData\cursor.json">
      <Filter>リソース ファイル\saveData</Filter>
    </None>
    <None Include="saveData\window.json">
      <Filter>リソース ファイル\saveData</Filter>
    </None>
    <None Include="saveData\recordConfig.json">
      <Filter>リソース ファイル\saveData</Filter>
    </None>
    <None Include="saveData\playCount.json">
      <Filter>リソース ファイル\saveData</Filter>
    </None>
  </ItemGroup>
</Project>