<?xml version="1.0" encoding="utf-8"?>
<Project ToolsVersion="4.0" xmlns="http://schemas.microsoft.com/developer/msbuild/2003">
  <ItemGroup>
    <Filter Include="ソース ファイル">
      <UniqueIdentifier>{4FC737F1-C7A5-4376-A066-2A32D752A2FF}</UniqueIdentifier>
      <Extensions>cpp;c;cc;cxx;c++;cppm;ixx;def;odl;idl;hpj;bat;asm;asmx</Extensions>
    </Filter>
    <Filter Include="ヘッダー ファイル">
      <UniqueIdentifier>{93995380-89BD-4b04-88EB-625FBE52EBFB}</UniqueIdentifier>
      <Extensions>h;hh;hpp;hxx;h++;hm;inl;inc;ipp;xsd</Extensions>
    </Filter>
    <Filter Include="リソース ファイル">
      <UniqueIdentifier>{67DA6AB6-F800-4c08-8B7A-83BB121AAD01}</UniqueIdentifier>
      <Extensions>rc;ico;cur;bmp;dlg;rc2;rct;bin;rgs;gif;jpg;jpeg;jpe;resx;tiff;tif;png;wav;mfcribbon-ms</Extensions>
    </Filter>
    <Filter Include="リソース ファイル\saveData">
      <UniqueIdentifier>{837a3427-15b0-464b-9ac9-679d6baf7cf5}</UniqueIdentifier>
    </Filter>
    <Filter Include="ソース ファイル\enemyPat">
      <UniqueIdentifier>{5f0b42a0-f134-47bc-93a7-946852f02c1b}</UniqueIdentifier>
    </Filter>
  </ItemGroup>
  <ItemGroup>
    <ClCompile Include="main.cpp">
      <Filter>ソース ファイル</Filter>
    </ClCompile>
    <ClCompile Include="gameScreen.cpp">
      <Filter>ソース ファイル</Filter>
    </ClCompile>
    <ClCompile Include="enemy.cpp">
      <Filter>ソース ファイル</Filter>
    </ClCompile>
    <ClCompile Include="enemyShot.cpp">
      <Filter>ソース ファイル</Filter>
    </ClCompile>
    <ClCompile Include="fileOpenClose.cpp">
      <Filter>ソース ファイル</Filter>
    </ClCompile>
    <ClCompile Include="fps.cpp">
      <Filter>ソース ファイル</Filter>
    </ClCompile>
    <ClCompile Include="getHitKeyStateAll2.cpp">
      <Filter>ソース ファイル</Filter>
    </ClCompile>
    <ClCompile Include="imgSoundLoad.cpp">
      <Filter>ソース ファイル</Filter>
    </ClCompile>
    <ClCompile Include="initial.cpp">
      <Filter>ソース ファイル</Filter>
    </ClCompile>
    <ClCompile Include="menu.cpp">
      <Filter>ソース ファイル</Filter>
    </ClCompile>
    <ClCompile Include="player.cpp">
      <Filter>ソース ファイル</Filter>
    </ClCompile>
    <ClCompile Include="playerShot.cpp">
      <Filter>ソース ファイル</Filter>
    </ClCompile>
    <ClCompile Include="stageData.cpp">
      <Filter>ソース ファイル</Filter>
    </ClCompile>
    <ClCompile Include="gv.cpp">
      <Filter>ソース ファイル</Filter>
    </ClCompile>
    <ClCompile Include="enemyPat_ChatGPT1.cpp">
      <Filter>ソース ファイル\enemyPat</Filter>
    </ClCompile>
    <ClCompile Include="enemyPat_ChatGPT2.cpp">
      <Filter>ソース ファイル\enemyPat</Filter>
    </ClCompile>
    <ClCompile Include="enemyPat_Claude1.cpp">
      <Filter>ソース ファイル\enemyPat</Filter>
    </ClCompile>
    <ClCompile Include="enemyPat_Claude2.cpp">
      <Filter>ソース ファイル\enemyPat</Filter>
    </ClCompile>
    <ClCompile Include="enemyPat_Claude3.cpp">
      <Filter>ソース ファイル\enemyPat</Filter>
    </ClCompile>
    <ClCompile Include="enemyPat_DeepSeek1.cpp">
      <Filter>ソース ファイル\enemyPat</Filter>
    </ClCompile>
    <ClCompile Include="enemyPat_DeepSeek2.cpp">
      <Filter>ソース ファイル\enemyPat</Filter>
    </ClCompile>
    <ClCompile Include="enemyPat_Gemini1.cpp">
      <Filter>ソース ファイル\enemyPat</Filter>
    </ClCompile>
    <ClCompile Include="enemyPat_Gemini2.cpp">
      <Filter>ソース ファイル\enemyPat</Filter>
    </ClCompile>
    <ClCompile Include="enemyPat_Grok1.cpp">
      <Filter>ソース ファイル\enemyPat</Filter>
    </ClCompile>
    <ClCompile Include="enemyPat_Grok2.cpp">
      <Filter>ソース ファイル\enemyPat</Filter>
    </ClCompile>
    <ClCompile Include="enemyPat_Sakana1.cpp">
      <Filter>ソース ファイル\enemyPat</Filter>
    </ClCompile>
    <ClCompile Include="enemyPat_Sakana2.cpp">
      <Filter>ソース ファイル\enemyPat</Filter>
    </ClCompile>
    <ClCompile Include="enemyPat_handmade1.cpp">
      <Filter>ソース ファイル\enemyPat</Filter>
    </ClCompile>
    <ClCompile Include="enemyPat_handmade2.cpp">
      <Filter>ソース ファイル\enemyPat</Filter>
    </ClCompile>
    <ClCompile Include="enemyPat_handmade3.cpp">
      <Filter>ソース ファイル\enemyPat</Filter>
    </ClCompile>
    <ClCompile Include="enemyPat_sampleForAI.cpp">
      <Filter>ソース ファイル\enemyPat</Filter>
    </ClCompile>
    <ClCompile Include="enemyPat_ChatGPT3.cpp">
      <Filter>ソース ファイル\enemyPat</Filter>
    </ClCompile>
    <ClCompile Include="enemyPat_ClaudeEx1.cpp">
      <Filter>ソース ファイル\enemyPat</Filter>
    </ClCompile>
    <ClCompile Include="enemyPat_ClaudeEx2.cpp">
      <Filter>ソース ファイル\enemyPat</Filter>
    </ClCompile>
    <ClCompile Include="enemyPat_DeepSeek3.cpp">
      <Filter>ソース ファイル\enemyPat</Filter>
    </ClCompile>
    <ClCompile Include="enemyPat_Gemini3.cpp">
      <Filter>ソース ファイル\enemyPat</Filter>
    </ClCompile>
    <ClCompile Include="enemyPat_Grok3.cpp">
      <Filter>ソース ファイル\enemyPat</Filter>
    </ClCompile>
    <ClCompile Include="enemyPat_Sakana3.cpp">
      <Filter>ソース ファイル\enemyPat</Filter>
    </ClCompile>
    <ClCompile Include="enemyPat_Qwen1.cpp">
      <Filter>ソース ファイル\enemyPat</Filter>
    </ClCompile>
    <ClCompile Include="enemyPat_Qwen2.cpp">
      <Filter>ソース ファイル\enemyPat</Filter>
    </ClCompile>
    <ClCompile Include="enemyPat_Qwen3.cpp">
      <Filter>ソース ファイル\enemyPat</Filter>
    </ClCompile>
    <ClCompile Include="enemyPat_DeepSeek4.cpp">
      <Filter>ソース ファイル\enemyPat</Filter>
    </ClCompile>
    <ClCompile Include="enemyPat_ChatGPT4.cpp">
      <Filter>ソース ファイル\enemyPat</Filter>
    </ClCompile>
    <ClCompile Include="enemyPat_Gemini4.cpp">
      <Filter>ソース ファイル\enemyPat</Filter>
    </ClCompile>
    <ClCompile Include="enemyPat_Grok4.cpp">
      <Filter>ソース ファイル\enemyPat</Filter>
    </ClCompile>
    <ClCompile Include="enemyPat_Qwen4.cpp">
      <Filter>ソース ファイル\enemyPat</Filter>
    </ClCompile>
    <ClCompile Include="enemyPat_Sakana4.cpp">
      <Filter>ソース ファイル\enemyPat</Filter>
    </ClCompile>
    <ClCompile Include="enemyPat_Claude4.cpp">
      <Filter>ソース ファイル\enemyPat</Filter>
    </ClCompile>
    <ClCompile Include="enemyPat_tmp.cpp">
      <Filter>ソース ファイル\enemyPat</Filter>
    </ClCompile>
    <ClCompile Include="enemyPat_ChatGPT5.cpp">
      <Filter>ソース ファイル\enemyPat</Filter>
    </ClCompile>
    <ClCompile Include="enemyPat_Claude5.cpp">
      <Filter>ソース ファイル\enemyPat</Filter>
    </ClCompile>
    <ClCompile Include="enemyPat_DeepSeek48.cpp">
      <Filter>ソース ファイル\enemyPat</Filter>
    </ClCompile>
    <ClCompile Include="enemyPat_ChatGPT48.cpp">
      <Filter>ソース ファイル\enemyPat</Filter>
    </ClCompile>
    <ClCompile Include="enemyPat_Gemini48.cpp">
      <Filter>ソース ファイル\enemyPat</Filter>
    </ClCompile>
    <ClCompile Include="enemyPat_Grok48.cpp">
      <Filter>ソース ファイル\enemyPat</Filter>
    </ClCompile>
    <ClCompile Include="enemyPat_Claude48.cpp">
      <Filter>ソース ファイル\enemyPat</Filter>
    </ClCompile>
    <ClCompile Include="enemyPat_Qwen48.cpp">
      <Filter>ソース ファイル\enemyPat</Filter>
    </ClCompile>
    <ClCompile Include="enemyPat_Sakana48.cpp">
      <Filter>ソース ファイル\enemyPat</Filter>
    </ClCompile>
    <ClCompile Include="enemyPat_Zai48.cpp">
      <Filter>ソース ファイル\enemyPat</Filter>
    </ClCompile>
    <ClCompile Include="enemyPat_DeepSeek47.cpp">
      <Filter>ソース ファイル\enemyPat</Filter>
    </ClCompile>
    <ClCompile Include="enemyPat_ChatGPT47.cpp">
      <Filter>ソース ファイル\enemyPat</Filter>
    </ClCompile>
    <ClCompile Include="enemyPat_Gemini47.cpp">
      <Filter>ソース ファイル\enemyPat</Filter>
    </ClCompile>
    <ClCompile Include="enemyPat_Grok47.cpp">
      <Filter>ソース ファイル\enemyPat</Filter>
    </ClCompile>
    <ClCompile Include="enemyPat_Claude47.cpp">
      <Filter>ソース ファイル\enemyPat</Filter>
    </ClCompile>
    <ClCompile Include="enemyPat_Qwen47.cpp">
      <Filter>ソース ファイル\enemyPat</Filter>
    </ClCompile>
    <ClCompile Include="enemyPat_Kimi47.cpp">
      <Filter>ソース ファイル\enemyPat</Filter>
    </ClCompile>
    <ClCompile Include="enemyPat_Zai47.cpp">
      <Filter>ソース ファイル\enemyPat</Filter>
    </ClCompile>
    <ClCompile Include="enemyPat_DeepSeek46.cpp">
      <Filter>ソース ファイル\enemyPat</Filter>
    </ClCompile>
    <ClCompile Include="enemyPat_ChatGPT46.cpp">
      <Filter>ソース ファイル\enemyPat</Filter>
    </ClCompile>
    <ClCompile Include="enemyPat_Gemini46.cpp">
      <Filter>ソース ファイル\enemyPat</Filter>
    </ClCompile>
    <ClCompile Include="enemyPat_Grok46.cpp">
      <Filter>ソース ファイル\enemyPat</Filter>
    </ClCompile>
    <ClCompile Include="enemyPat_Claude46.cpp">
      <Filter>ソース ファイル\enemyPat</Filter>
    </ClCompile>
    <ClCompile Include="enemyPat_Qwen46.cpp">
      <Filter>ソース ファイル\enemyPat</Filter>
    </ClCompile>
    <ClCompile Include="enemyPat_Kimi46.cpp">
      <Filter>ソース ファイル\enemyPat</Filter>
    </ClCompile>
    <ClCompile Include="enemyPat_Zai46.cpp">
      <Filter>ソース ファイル\enemyPat</Filter>
    </ClCompile>
    <ClCompile Include="enemyPat_DeepSeek45.cpp">
      <Filter>ソース ファイル\enemyPat</Filter>
    </ClCompile>
    <ClCompile Include="enemyPat_ChatGPT45.cpp">
      <Filter>ソース ファイル\enemyPat</Filter>
    </ClCompile>
    <ClCompile Include="enemyPat_Gemini45.cpp">
      <Filter>ソース ファイル\enemyPat</Filter>
    </ClCompile>
    <ClCompile Include="enemyPat_Grok45.cpp">
      <Filter>ソース ファイル\enemyPat</Filter>
    </ClCompile>
    <ClCompile Include="enemyPat_Claude45.cpp">
      <Filter>ソース ファイル\enemyPat</Filter>
    </ClCompile>
    <ClCompile Include="enemyPat_Qwen45.cpp">
      <Filter>ソース ファイル\enemyPat</Filter>
    </ClCompile>
    <ClCompile Include="enemyPat_Kimi45.cpp">
      <Filter>ソース ファイル\enemyPat</Filter>
    </ClCompile>
    <ClCompile Include="enemyPat_Zai45.cpp">
      <Filter>ソース ファイル\enemyPat</Filter>
    </ClCompile>
    <ClCompile Include="enemyPat_DeepSeek44.cpp">
      <Filter>ソース ファイル\enemyPat</Filter>
    </ClCompile>
    <ClCompile Include="enemyPat_ChatGPT44.cpp">
      <Filter>ソース ファイル\enemyPat</Filter>
    </ClCompile>
    <ClCompile Include="enemyPat_Gemini44.cpp">
      <Filter>ソース ファイル\enemyPat</Filter>
    </ClCompile>
    <ClCompile Include="enemyPat_Grok44.cpp">
      <Filter>ソース ファイル\enemyPat</Filter>
    </ClCompile>
    <ClCompile Include="enemyPat_Claude44.cpp">
      <Filter>ソース ファイル\enemyPat</Filter>
    </ClCompile>
    <ClCompile Include="enemyPat_Qwen44.cpp">
      <Filter>ソース ファイル\enemyPat</Filter>
    </ClCompile>
    <ClCompile Include="enemyPat_Kimi44.cpp">
      <Filter>ソース ファイル\enemyPat</Filter>
    </ClCompile>
    <ClCompile Include="enemyPat_Zai44.cpp">
      <Filter>ソース ファイル\enemyPat</Filter>
    </ClCompile>
    <ClCompile Include="enemyPat_DeepSeek43.cpp">
      <Filter>ソース ファイル\enemyPat</Filter>
    </ClCompile>
    <ClCompile Include="enemyPat_ChatGPT43.cpp">
      <Filter>ソース ファイル\enemyPat</Filter>
    </ClCompile>
    <ClCompile Include="enemyPat_Gemini43.cpp">
      <Filter>ソース ファイル\enemyPat</Filter>
    </ClCompile>
    <ClCompile Include="enemyPat_Grok43.cpp">
      <Filter>ソース ファイル\enemyPat</Filter>
    </ClCompile>
    <ClCompile Include="enemyPat_Claude43.cpp">
      <Filter>ソース ファイル\enemyPat</Filter>
    </ClCompile>
    <ClCompile Include="enemyPat_Qwen43.cpp">
      <Filter>ソース ファイル\enemyPat</Filter>
    </ClCompile>
    <ClCompile Include="enemyPat_Kimi43.cpp">
      <Filter>ソース ファイル\enemyPat</Filter>
    </ClCompile>
    <ClCompile Include="enemyPat_Zai43.cpp">
      <Filter>ソース ファイル\enemyPat</Filter>
    </ClCompile>
    <ClCompile Include="enemyPat_DeepSeek42.cpp">
      <Filter>ソース ファイル\enemyPat</Filter>
    </ClCompile>
    <ClCompile Include="enemyPat_ChatGPT42.cpp">
      <Filter>ソース ファイル\enemyPat</Filter>
    </ClCompile>
    <ClCompile Include="enemyPat_Gemini42.cpp">
      <Filter>ソース ファイル\enemyPat</Filter>
    </ClCompile>
    <ClCompile Include="enemyPat_Grok42.cpp">
      <Filter>ソース ファイル\enemyPat</Filter>
    </ClCompile>
    <ClCompile Include="enemyPat_Claude42.cpp">
      <Filter>ソース ファイル\enemyPat</Filter>
    </ClCompile>
    <ClCompile Include="enemyPat_Qwen42.cpp">
      <Filter>ソース ファイル\enemyPat</Filter>
    </ClCompile>
    <ClCompile Include="enemyPat_Kimi42.cpp">
      <Filter>ソース ファイル\enemyPat</Filter>
    </ClCompile>
    <ClCompile Include="enemyPat_Zai42.cpp">
      <Filter>ソース ファイル\enemyPat</Filter>
    </ClCompile>
    <ClCompile Include="enemyPat_DeepSeek41.cpp">
      <Filter>ソース ファイル\enemyPat</Filter>
    </ClCompile>
    <ClCompile Include="enemyPat_ChatGPT41.cpp">
      <Filter>ソース ファイル\enemyPat</Filter>
    </ClCompile>
    <ClCompile Include="enemyPat_Gemini41.cpp">
      <Filter>ソース ファイル\enemyPat</Filter>
    </ClCompile>
    <ClCompile Include="enemyPat_Grok41.cpp">
      <Filter>ソース ファイル\enemyPat</Filter>
    </ClCompile>
    <ClCompile Include="enemyPat_Sakana41.cpp">
      <Filter>ソース ファイル\enemyPat</Filter>
    </ClCompile>
    <ClCompile Include="enemyPat_Claude41.cpp">
      <Filter>ソース ファイル\enemyPat</Filter>
    </ClCompile>
    <ClCompile Include="enemyPat_Qwen41.cpp">
      <Filter>ソース ファイル\enemyPat</Filter>
    </ClCompile>
    <ClCompile Include="enemyPat_Kimi41.cpp">
      <Filter>ソース ファイル\enemyPat</Filter>
    </ClCompile>
    <ClCompile Include="enemyPat_DeepSeek40.cpp">
      <Filter>ソース ファイル\enemyPat</Filter>
    </ClCompile>
    <ClCompile Include="enemyPat_ChatGPT40.cpp">
      <Filter>ソース ファイル\enemyPat</Filter>
    </ClCompile>
    <ClCompile Include="enemyPat_Gemini40.cpp">
      <Filter>ソース ファイル\enemyPat</Filter>
    </ClCompile>
    <ClCompile Include="enemyPat_Grok40.cpp">
      <Filter>ソース ファイル\enemyPat</Filter>
    </ClCompile>
    <ClCompile Include="enemyPat_Sakana40.cpp">
      <Filter>ソース ファイル\enemyPat</Filter>
    </ClCompile>
    <ClCompile Include="enemyPat_Claude40.cpp">
      <Filter>ソース ファイル\enemyPat</Filter>
    </ClCompile>
    <ClCompile Include="enemyPat_Qwen40.cpp">
      <Filter>ソース ファイル\enemyPat</Filter>
    </ClCompile>
    <ClCompile Include="enemyPat_Kimi40.cpp">
      <Filter>ソース ファイル\enemyPat</Filter>
    </ClCompile>
    <ClCompile Include="enemyPat_DeepSeek39.cpp">
      <Filter>ソース ファイル\enemyPat</Filter>
    </ClCompile>
    <ClCompile Include="enemyPat_ChatGPT39.cpp">
      <Filter>ソース ファイル\enemyPat</Filter>
    </ClCompile>
    <ClCompile Include="enemyPat_Gemini39.cpp">
      <Filter>ソース ファイル\enemyPat</Filter>
    </ClCompile>
    <ClCompile Include="enemyPat_Grok39.cpp">
      <Filter>ソース ファイル\enemyPat</Filter>
    </ClCompile>
    <ClCompile Include="enemyPat_Sakana39.cpp">
      <Filter>ソース ファイル\enemyPat</Filter>
    </ClCompile>
    <ClCompile Include="enemyPat_Claude39.cpp">
      <Filter>ソース ファイル\enemyPat</Filter>
    </ClCompile>
    <ClCompile Include="enemyPat_Qwen39.cpp">
      <Filter>ソース ファイル\enemyPat</Filter>
    </ClCompile>
    <ClCompile Include="enemyPat_Kimi39.cpp">
      <Filter>ソース ファイル\enemyPat</Filter>
    </ClCompile>
    <ClCompile Include="enemyPat_DeepSeek38.cpp">
      <Filter>ソース ファイル\enemyPat</Filter>
    </ClCompile>
    <ClCompile Include="enemyPat_ChatGPT38.cpp">
      <Filter>ソース ファイル\enemyPat</Filter>
    </ClCompile>
    <ClCompile Include="enemyPat_Gemini38.cpp">
      <Filter>ソース ファイル\enemyPat</Filter>
    </ClCompile>
    <ClCompile Include="enemyPat_Grok38.cpp">
      <Filter>ソース ファイル\enemyPat</Filter>
    </ClCompile>
    <ClCompile Include="enemyPat_Sakana38.cpp">
      <Filter>ソース ファイル\enemyPat</Filter>
    </ClCompile>
    <ClCompile Include="enemyPat_Claude38.cpp">
      <Filter>ソース ファイル\enemyPat</Filter>
    </ClCompile>
    <ClCompile Include="enemyPat_Qwen38.cpp">
      <Filter>ソース ファイル\enemyPat</Filter>
    </ClCompile>
    <ClCompile Include="enemyPat_Kimi38.cpp">
      <Filter>ソース ファイル\enemyPat</Filter>
    </ClCompile>
    <ClCompile Include="enemyPat_DeepSeek37.cpp">
      <Filter>ソース ファイル\enemyPat</Filter>
    </ClCompile>
    <ClCompile Include="enemyPat_ChatGPT37.cpp">
      <Filter>ソース ファイル\enemyPat</Filter>
    </ClCompile>
    <ClCompile Include="enemyPat_Gemini37.cpp">
      <Filter>ソース ファイル\enemyPat</Filter>
    </ClCompile>
    <ClCompile Include="enemyPat_Grok37.cpp">
      <Filter>ソース ファイル\enemyPat</Filter>
    </ClCompile>
    <ClCompile Include="enemyPat_Sakana37.cpp">
      <Filter>ソース ファイル\enemyPat</Filter>
    </ClCompile>
    <ClCompile Include="enemyPat_Claude37.cpp">
      <Filter>ソース ファイル\enemyPat</Filter>
    </ClCompile>
    <ClCompile Include="enemyPat_Qwen37.cpp">
      <Filter>ソース ファイル\enemyPat</Filter>
    </ClCompile>
    <ClCompile Include="enemyPat_Kimi37.cpp">
      <Filter>ソース ファイル\enemyPat</Filter>
    </ClCompile>
    <ClCompile Include="enemyPat_DeepSeek36.cpp">
      <Filter>ソース ファイル\enemyPat</Filter>
    </ClCompile>
    <ClCompile Include="enemyPat_ChatGPT36.cpp">
      <Filter>ソース ファイル\enemyPat</Filter>
    </ClCompile>
    <ClCompile Include="enemyPat_Gemini36.cpp">
      <Filter>ソース ファイル\enemyPat</Filter>
    </ClCompile>
    <ClCompile Include="enemyPat_Grok36.cpp">
      <Filter>ソース ファイル\enemyPat</Filter>
    </ClCompile>
    <ClCompile Include="enemyPat_Sakana36.cpp">
      <Filter>ソース ファイル\enemyPat</Filter>
    </ClCompile>
    <ClCompile Include="enemyPat_Claude36.cpp">
      <Filter>ソース ファイル\enemyPat</Filter>
    </ClCompile>
    <ClCompile Include="enemyPat_Qwen36.cpp">
      <Filter>ソース ファイル\enemyPat</Filter>
    </ClCompile>
    <ClCompile Include="enemyPat_Kimi36.cpp">
      <Filter>ソース ファイル\enemyPat</Filter>
    </ClCompile>
    <ClCompile Include="enemyPat_DeepSeek35.cpp">
      <Filter>ソース ファイル\enemyPat</Filter>
    </ClCompile>
    <ClCompile Include="enemyPat_ChatGPT35.cpp">
      <Filter>ソース ファイル\enemyPat</Filter>
    </ClCompile>
    <ClCompile Include="enemyPat_Gemini35.cpp">
      <Filter>ソース ファイル\enemyPat</Filter>
    </ClCompile>
    <ClCompile Include="enemyPat_Grok35.cpp">
      <Filter>ソース ファイル\enemyPat</Filter>
    </ClCompile>
    <ClCompile Include="enemyPat_Sakana35.cpp">
      <Filter>ソース ファイル\enemyPat</Filter>
    </ClCompile>
    <ClCompile Include="enemyPat_Claude35.cpp">
      <Filter>ソース ファイル\enemyPat</Filter>
    </ClCompile>
    <ClCompile Include="enemyPat_Qwen35.cpp">
      <Filter>ソース ファイル\enemyPat</Filter>
    </ClCompile>
    <ClCompile Include="enemyPat_Kimi35.cpp">
      <Filter>ソース ファイル\enemyPat</Filter>
    </ClCompile>
    <ClCompile Include="enemyPat_DeepSeek34.cpp">
      <Filter>ソース ファイル\enemyPat</Filter>
    </ClCompile>
    <ClCompile Include="enemyPat_ChatGPT34.cpp">
      <Filter>ソース ファイル\enemyPat</Filter>
    </ClCompile>
    <ClCompile Include="enemyPat_Gemini34.cpp">
      <Filter>ソース ファイル\enemyPat</Filter>
    </ClCompile>
    <ClCompile Include="enemyPat_Grok34.cpp">
      <Filter>ソース ファイル\enemyPat</Filter>
    </ClCompile>
    <ClCompile Include="enemyPat_Sakana34.cpp">
      <Filter>ソース ファイル\enemyPat</Filter>
    </ClCompile>
    <ClCompile Include="enemyPat_Claude34.cpp">
      <Filter>ソース ファイル\enemyPat</Filter>
    </ClCompile>
    <ClCompile Include="enemyPat_Qwen34.cpp">
      <Filter>ソース ファイル\enemyPat</Filter>
    </ClCompile>
    <ClCompile Include="enemyPat_Kimi34.cpp">
      <Filter>ソース ファイル\enemyPat</Filter>
    </ClCompile>
    <ClCompile Include="enemyPat_DeepSeek33.cpp">
      <Filter>ソース ファイル\enemyPat</Filter>
    </ClCompile>
    <ClCompile Include="enemyPat_ChatGPT33.cpp">
      <Filter>ソース ファイル\enemyPat</Filter>
    </ClCompile>
    <ClCompile Include="enemyPat_Gemini33.cpp">
      <Filter>ソース ファイル\enemyPat</Filter>
    </ClCompile>
    <ClCompile Include="enemyPat_Grok33.cpp">
      <Filter>ソース ファイル\enemyPat</Filter>
    </ClCompile>
    <ClCompile Include="enemyPat_Sakana33.cpp">
      <Filter>ソース ファイル\enemyPat</Filter>
    </ClCompile>
    <ClCompile Include="enemyPat_Claude33.cpp">
      <Filter>ソース ファイル\enemyPat</Filter>
    </ClCompile>
    <ClCompile Include="enemyPat_Qwen33.cpp">
      <Filter>ソース ファイル\enemyPat</Filter>
    </ClCompile>
    <ClCompile Include="enemyPat_Kimi33.cpp">
      <Filter>ソース ファイル\enemyPat</Filter>
    </ClCompile>
    <ClCompile Include="enemyPat_DeepSeek32.cpp">
      <Filter>ソース ファイル\enemyPat</Filter>
    </ClCompile>
    <ClCompile Include="enemyPat_ChatGPT32.cpp">
      <Filter>ソース ファイル\enemyPat</Filter>
    </ClCompile>
    <ClCompile Include="enemyPat_Gemini32.cpp">
      <Filter>ソース ファイル\enemyPat</Filter>
    </ClCompile>
    <ClCompile Include="enemyPat_Grok32.cpp">
      <Filter>ソース ファイル\enemyPat</Filter>
    </ClCompile>
    <ClCompile Include="enemyPat_Sakana32.cpp">
      <Filter>ソース ファイル\enemyPat</Filter>
    </ClCompile>
    <ClCompile Include="enemyPat_Claude32.cpp">
      <Filter>ソース ファイル\enemyPat</Filter>
    </ClCompile>
    <ClCompile Include="enemyPat_Qwen32.cpp">
      <Filter>ソース ファイル\enemyPat</Filter>
    </ClCompile>
    <ClCompile Include="enemyPat_Kimi32.cpp">
      <Filter>ソース ファイル\enemyPat</Filter>
    </ClCompile>
    <ClCompile Include="enemyPat_DeepSeek31.cpp">
      <Filter>ソース ファイル\enemyPat</Filter>
    </ClCompile>
    <ClCompile Include="enemyPat_ChatGPT31.cpp">
      <Filter>ソース ファイル\enemyPat</Filter>
    </ClCompile>
    <ClCompile Include="enemyPat_Gemini31.cpp">
      <Filter>ソース ファイル\enemyPat</Filter>
    </ClCompile>
    <ClCompile Include="enemyPat_Grok31.cpp">
      <Filter>ソース ファイル\enemyPat</Filter>
    </ClCompile>
    <ClCompile Include="enemyPat_Sakana31.cpp">
      <Filter>ソース ファイル\enemyPat</Filter>
    </ClCompile>
    <ClCompile Include="enemyPat_Claude31.cpp">
      <Filter>ソース ファイル\enemyPat</Filter>
    </ClCompile>
    <ClCompile Include="enemyPat_Qwen31.cpp">
      <Filter>ソース ファイル\enemyPat</Filter>
    </ClCompile>
    <ClCompile Include="enemyPat_Kimi31.cpp">
      <Filter>ソース ファイル\enemyPat</Filter>
    </ClCompile>
    <ClCompile Include="enemyPat_DeepSeek30.cpp">
      <Filter>ソース ファイル\enemyPat</Filter>
    </ClCompile>
    <ClCompile Include="enemyPat_ChatGPT30.cpp">
      <Filter>ソース ファイル\enemyPat</Filter>
    </ClCompile>
    <ClCompile Include="enemyPat_Gemini30.cpp">
      <Filter>ソース ファイル\enemyPat</Filter>
    </ClCompile>
    <ClCompile Include="enemyPat_Grok30.cpp">
      <Filter>ソース ファイル\enemyPat</Filter>
    </ClCompile>
    <ClCompile Include="enemyPat_Sakana30.cpp">
      <Filter>ソース ファイル\enemyPat</Filter>
    </ClCompile>
    <ClCompile Include="enemyPat_Claude30.cpp">
      <Filter>ソース ファイル\enemyPat</Filter>
    </ClCompile>
    <ClCompile Include="enemyPat_Qwen30.cpp">
      <Filter>ソース ファイル\enemyPat</Filter>
    </ClCompile>
    <ClCompile Include="enemyPat_Kimi30.cpp">
      <Filter>ソース ファイル\enemyPat</Filter>
    </ClCompile>
    <ClCompile Include="enemyPat_DeepSeek29.cpp">
      <Filter>ソース ファイル\enemyPat</Filter>
    </ClCompile>
    <ClCompile Include="enemyPat_ChatGPT29.cpp">
      <Filter>ソース ファイル\enemyPat</Filter>
    </ClCompile>
    <ClCompile Include="enemyPat_Gemini29.cpp">
      <Filter>ソース ファイル\enemyPat</Filter>
    </ClCompile>
    <ClCompile Include="enemyPat_Grok29.cpp">
      <Filter>ソース ファイル\enemyPat</Filter>
    </ClCompile>
    <ClCompile Include="enemyPat_Sakana29.cpp">
      <Filter>ソース ファイル\enemyPat</Filter>
    </ClCompile>
    <ClCompile Include="enemyPat_Claude29.cpp">
      <Filter>ソース ファイル\enemyPat</Filter>
    </ClCompile>
    <ClCompile Include="enemyPat_Qwen29.cpp">
      <Filter>ソース ファイル\enemyPat</Filter>
    </ClCompile>
    <ClCompile Include="enemyPat_Vibe29.cpp">
      <Filter>ソース ファイル\enemyPat</Filter>
    </ClCompile>
    <ClCompile Include="enemyPat_DeepSeek28.cpp">
      <Filter>ソース ファイル\enemyPat</Filter>
    </ClCompile>
    <ClCompile Include="enemyPat_ChatGPT28.cpp">
      <Filter>ソース ファイル\enemyPat</Filter>
    </ClCompile>
    <ClCompile Include="enemyPat_Gemini28.cpp">
      <Filter>ソース ファイル\enemyPat</Filter>
    </ClCompile>
    <ClCompile Include="enemyPat_Grok28.cpp">
      <Filter>ソース ファイル\enemyPat</Filter>
    </ClCompile>
    <ClCompile Include="enemyPat_Sakana28.cpp">
      <Filter>ソース ファイル\enemyPat</Filter>
    </ClCompile>
    <ClCompile Include="enemyPat_Claude28.cpp">
      <Filter>ソース ファイル\enemyPat</Filter>
    </ClCompile>
    <ClCompile Include="enemyPat_Qwen28.cpp">
      <Filter>ソース ファイル\enemyPat</Filter>
    </ClCompile>
    <ClCompile Include="enemyPat_Vibe28.cpp">
      <Filter>ソース ファイル\enemyPat</Filter>
    </ClCompile>
    <ClCompile Include="enemyPat_DeepSeek27.cpp">
      <Filter>ソース ファイル\enemyPat</Filter>
    </ClCompile>
    <ClCompile Include="enemyPat_ChatGPT27.cpp">
      <Filter>ソース ファイル\enemyPat</Filter>
    </ClCompile>
    <ClCompile Include="enemyPat_Gemini27.cpp">
      <Filter>ソース ファイル\enemyPat</Filter>
    </ClCompile>
    <ClCompile Include="enemyPat_Grok27.cpp">
      <Filter>ソース ファイル\enemyPat</Filter>
    </ClCompile>
    <ClCompile Include="enemyPat_Sakana27.cpp">
      <Filter>ソース ファイル\enemyPat</Filter>
    </ClCompile>
    <ClCompile Include="enemyPat_Claude27.cpp">
      <Filter>ソース ファイル\enemyPat</Filter>
    </ClCompile>
    <ClCompile Include="enemyPat_Qwen27.cpp">
      <Filter>ソース ファイル\enemyPat</Filter>
    </ClCompile>
    <ClCompile Include="enemyPat_Vibe27.cpp">
      <Filter>ソース ファイル\enemyPat</Filter>
    </ClCompile>
    <ClCompile Include="enemyPat_DeepSeek26.cpp">
      <Filter>ソース ファイル\enemyPat</Filter>
    </ClCompile>
    <ClCompile Include="enemyPat_ChatGPT26.cpp">
      <Filter>ソース ファイル\enemyPat</Filter>
    </ClCompile>
    <ClCompile Include="enemyPat_Gemini26.cpp">
      <Filter>ソース ファイル\enemyPat</Filter>
    </ClCompile>
    <ClCompile Include="enemyPat_Grok26.cpp">
      <Filter>ソース ファイル\enemyPat</Filter>
    </ClCompile>
    <ClCompile Include="enemyPat_Sakana26.cpp">
      <Filter>ソース ファイル\enemyPat</Filter>
    </ClCompile>
    <ClCompile Include="enemyPat_Claude26.cpp">
      <Filter>ソース ファイル\enemyPat</Filter>
    </ClCompile>
    <ClCompile Include="enemyPat_Qwen26.cpp">
      <Filter>ソース ファイル\enemyPat</Filter>
    </ClCompile>
    <ClCompile Include="enemyPat_Vibe26.cpp">
      <Filter>ソース ファイル\enemyPat</Filter>
    </ClCompile>
    <ClCompile Include="enemyPat_DeepSeek25.cpp">
      <Filter>ソース ファイル\enemyPat</Filter>
    </ClCompile>
    <ClCompile Include="enemyPat_ChatGPT25.cpp">
      <Filter>ソース ファイル\enemyPat</Filter>
    </ClCompile>
    <ClCompile Include="enemyPat_Gemini25.cpp">
      <Filter>ソース ファイル\enemyPat</Filter>
    </ClCompile>
    <ClCompile Include="enemyPat_Grok25.cpp">
      <Filter>ソース ファイル\enemyPat</Filter>
    </ClCompile>
    <ClCompile Include="enemyPat_Sakana25.cpp">
      <Filter>ソース ファイル\enemyPat</Filter>
    </ClCompile>
    <ClCompile Include="enemyPat_Claude25.cpp">
      <Filter>ソース ファイル\enemyPat</Filter>
    </ClCompile>
    <ClCompile Include="enemyPat_Qwen25.cpp">
      <Filter>ソース ファイル\enemyPat</Filter>
    </ClCompile>
    <ClCompile Include="enemyPat_Vibe25.cpp">
      <Filter>ソース ファイル\enemyPat</Filter>
    </ClCompile>
    <ClCompile Include="enemyPat_DeepSeek24.cpp">
      <Filter>ソース ファイル\enemyPat</Filter>
    </ClCompile>
    <ClCompile Include="enemyPat_ChatGPT24.cpp">
      <Filter>ソース ファイル\enemyPat</Filter>
    </ClCompile>
    <ClCompile Include="enemyPat_Gemini24.cpp">
      <Filter>ソース ファイル\enemyPat</Filter>
    </ClCompile>
    <ClCompile Include="enemyPat_Grok24.cpp">
      <Filter>ソース ファイル\enemyPat</Filter>
    </ClCompile>
    <ClCompile Include="enemyPat_Sakana24.cpp">
      <Filter>ソース ファイル\enemyPat</Filter>
    </ClCompile>
    <ClCompile Include="enemyPat_Claude24.cpp">
      <Filter>ソース ファイル\enemyPat</Filter>
    </ClCompile>
    <ClCompile Include="enemyPat_Qwen24.cpp">
      <Filter>ソース ファイル\enemyPat</Filter>
    </ClCompile>
    <ClCompile Include="enemyPat_Vibe24.cpp">
      <Filter>ソース ファイル\enemyPat</Filter>
    </ClCompile>
    <ClCompile Include="enemyPat_DeepSeek23.cpp">
      <Filter>ソース ファイル\enemyPat</Filter>
    </ClCompile>
    <ClCompile Include="enemyPat_ChatGPT23.cpp">
      <Filter>ソース ファイル\enemyPat</Filter>
    </ClCompile>
    <ClCompile Include="enemyPat_Gemini23.cpp">
      <Filter>ソース ファイル\enemyPat</Filter>
    </ClCompile>
    <ClCompile Include="enemyPat_Grok23.cpp">
      <Filter>ソース ファイル\enemyPat</Filter>
    </ClCompile>
    <ClCompile Include="enemyPat_Sakana23.cpp">
      <Filter>ソース ファイル\enemyPat</Filter>
    </ClCompile>
    <ClCompile Include="enemyPat_Claude23.cpp">
      <Filter>ソース ファイル\enemyPat</Filter>
    </ClCompile>
    <ClCompile Include="enemyPat_Qwen23.cpp">
      <Filter>ソース ファイル\enemyPat</Filter>
    </ClCompile>
    <ClCompile Include="enemyPat_Vibe23.cpp">
      <Filter>ソース ファイル\enemyPat</Filter>
    </ClCompile>
    <ClCompile Include="enemyPat_DeepSeek22.cpp">
      <Filter>ソース ファイル\enemyPat</Filter>
    </ClCompile>
    <ClCompile Include="enemyPat_ChatGPT22.cpp">
      <Filter>ソース ファイル\enemyPat</Filter>
    </ClCompile>
    <ClCompile Include="enemyPat_Gemini22.cpp">
      <Filter>ソース ファイル\enemyPat</Filter>
    </ClCompile>
    <ClCompile Include="enemyPat_Grok22.cpp">
      <Filter>ソース ファイル\enemyPat</Filter>
    </ClCompile>
    <ClCompile Include="enemyPat_Sakana22.cpp">
      <Filter>ソース ファイル\enemyPat</Filter>
    </ClCompile>
    <ClCompile Include="enemyPat_Claude22.cpp">
      <Filter>ソース ファイル\enemyPat</Filter>
    </ClCompile>
    <ClCompile Include="enemyPat_Qwen22.cpp">
      <Filter>ソース ファイル\enemyPat</Filter>
    </ClCompile>
    <ClCompile Include="enemyPat_Vibe22.cpp">
      <Filter>ソース ファイル\enemyPat</Filter>
    </ClCompile>
    <ClCompile Include="enemyPat_DeepSeek21.cpp">
      <Filter>ソース ファイル\enemyPat</Filter>
    </ClCompile>
    <ClCompile Include="enemyPat_ChatGPT21.cpp">
      <Filter>ソース ファイル\enemyPat</Filter>
    </ClCompile>
    <ClCompile Include="enemyPat_Gemini21.cpp">
      <Filter>ソース ファイル\enemyPat</Filter>
    </ClCompile>
    <ClCompile Include="enemyPat_Grok21.cpp">
      <Filter>ソース ファイル\enemyPat</Filter>
    </ClCompile>
    <ClCompile Include="enemyPat_Sakana21.cpp">
      <Filter>ソース ファイル\enemyPat</Filter>
    </ClCompile>
    <ClCompile Include="enemyPat_Claude21.cpp">
      <Filter>ソース ファイル\enemyPat</Filter>
    </ClCompile>
    <ClCompile Include="enemyPat_Qwen21.cpp">
      <Filter>ソース ファイル\enemyPat</Filter>
    </ClCompile>
    <ClCompile Include="enemyPat_Vibe21.cpp">
      <Filter>ソース ファイル\enemyPat</Filter>
    </ClCompile>
    <ClCompile Include="enemyPat_DeepSeek20.cpp">
      <Filter>ソース ファイル\enemyPat</Filter>
    </ClCompile>
    <ClCompile Include="enemyPat_ChatGPT20.cpp">
      <Filter>ソース ファイル\enemyPat</Filter>
    </ClCompile>
    <ClCompile Include="enemyPat_Gemini20.cpp">
      <Filter>ソース ファイル\enemyPat</Filter>
    </ClCompile>
    <ClCompile Include="enemyPat_Grok20.cpp">
      <Filter>ソース ファイル\enemyPat</Filter>
    </ClCompile>
    <ClCompile Include="enemyPat_Sakana20.cpp">
      <Filter>ソース ファイル\enemyPat</Filter>
    </ClCompile>
    <ClCompile Include="enemyPat_Claude20.cpp">
      <Filter>ソース ファイル\enemyPat</Filter>
    </ClCompile>
    <ClCompile Include="enemyPat_Qwen20.cpp">
      <Filter>ソース ファイル\enemyPat</Filter>
    </ClCompile>
    <ClCompile Include="enemyPat_Vibe20.cpp">
      <Filter>ソース ファイル\enemyPat</Filter>
    </ClCompile>
    <ClCompile Include="enemyPat_DeepSeek19.cpp">
      <Filter>ソース ファイル\enemyPat</Filter>
    </ClCompile>
    <ClCompile Include="enemyPat_ChatGPT19.cpp">
      <Filter>ソース ファイル\enemyPat</Filter>
    </ClCompile>
    <ClCompile Include="enemyPat_Gemini19.cpp">
      <Filter>ソース ファイル\enemyPat</Filter>
    </ClCompile>
    <ClCompile Include="enemyPat_Grok19.cpp">
      <Filter>ソース ファイル\enemyPat</Filter>
    </ClCompile>
    <ClCompile Include="enemyPat_Sakana19.cpp">
      <Filter>ソース ファイル\enemyPat</Filter>
    </ClCompile>
    <ClCompile Include="enemyPat_Claude19.cpp">
      <Filter>ソース ファイル\enemyPat</Filter>
    </ClCompile>
    <ClCompile Include="enemyPat_Qwen19.cpp">
      <Filter>ソース ファイル\enemyPat</Filter>
    </ClCompile>
    <ClCompile Include="enemyPat_Vibe19.cpp">
      <Filter>ソース ファイル\enemyPat</Filter>
    </ClCompile>
    <ClCompile Include="enemyPat_DeepSeek18.cpp">
      <Filter>ソース ファイル\enemyPat</Filter>
    </ClCompile>
    <ClCompile Include="enemyPat_ChatGPT18.cpp">
      <Filter>ソース ファイル\enemyPat</Filter>
    </ClCompile>
    <ClCompile Include="enemyPat_Gemini18.cpp">
      <Filter>ソース ファイル\enemyPat</Filter>
    </ClCompile>
    <ClCompile Include="enemyPat_Grok18.cpp">
      <Filter>ソース ファイル\enemyPat</Filter>
    </ClCompile>
    <ClCompile Include="enemyPat_Sakana18.cpp">
      <Filter>ソース ファイル\enemyPat</Filter>
    </ClCompile>
    <ClCompile Include="enemyPat_Claude18.cpp">
      <Filter>ソース ファイル\enemyPat</Filter>
    </ClCompile>
    <ClCompile Include="enemyPat_Qwen18.cpp">
      <Filter>ソース ファイル\enemyPat</Filter>
    </ClCompile>
    <ClCompile Include="enemyPat_Vibe18.cpp">
      <Filter>ソース ファイル\enemyPat</Filter>
    </ClCompile>
    <ClCompile Include="enemyPat_DeepSeek17.cpp">
      <Filter>ソース ファイル\enemyPat</Filter>
    </ClCompile>
    <ClCompile Include="enemyPat_ChatGPT17.cpp">
      <Filter>ソース ファイル\enemyPat</Filter>
    </ClCompile>
    <ClCompile Include="enemyPat_Gemini17.cpp">
      <Filter>ソース ファイル\enemyPat</Filter>
    </ClCompile>
    <ClCompile Include="enemyPat_Grok17.cpp">
      <Filter>ソース ファイル\enemyPat</Filter>
    </ClCompile>
    <ClCompile Include="enemyPat_Sakana17.cpp">
      <Filter>ソース ファイル\enemyPat</Filter>
    </ClCompile>
    <ClCompile Include="enemyPat_Claude17.cpp">
      <Filter>ソース ファイル\enemyPat</Filter>
    </ClCompile>
    <ClCompile Include="enemyPat_Qwen17.cpp">
      <Filter>ソース ファイル\enemyPat</Filter>
    </ClCompile>
    <ClCompile Include="enemyPat_Vibe17.cpp">
      <Filter>ソース ファイル\enemyPat</Filter>
    </ClCompile>
    <ClCompile Include="enemyPat_DeepSeek16.cpp">
      <Filter>ソース ファイル\enemyPat</Filter>
    </ClCompile>
    <ClCompile Include="enemyPat_ChatGPT16.cpp">
      <Filter>ソース ファイル\enemyPat</Filter>
    </ClCompile>
    <ClCompile Include="enemyPat_Gemini16.cpp">
      <Filter>ソース ファイル\enemyPat</Filter>
    </ClCompile>
    <ClCompile Include="enemyPat_Grok16.cpp">
      <Filter>ソース ファイル\enemyPat</Filter>
    </ClCompile>
    <ClCompile Include="enemyPat_Sakana16.cpp">
      <Filter>ソース ファイル\enemyPat</Filter>
    </ClCompile>
    <ClCompile Include="enemyPat_Claude16.cpp">
      <Filter>ソース ファイル\enemyPat</Filter>
    </ClCompile>
    <ClCompile Include="enemyPat_Qwen16.cpp">
      <Filter>ソース ファイル\enemyPat</Filter>
    </ClCompile>
    <ClCompile Include="enemyPat_Vibe16.cpp">
      <Filter>ソース ファイル\enemyPat</Filter>
    </ClCompile>
    <ClCompile Include="enemyPat_DeepSeek15.cpp">
      <Filter>ソース ファイル\enemyPat</Filter>
    </ClCompile>
    <ClCompile Include="enemyPat_ChatGPT15.cpp">
      <Filter>ソース ファイル\enemyPat</Filter>
    </ClCompile>
    <ClCompile Include="enemyPat_Gemini15.cpp">
      <Filter>ソース ファイル\enemyPat</Filter>
    </ClCompile>
    <ClCompile Include="enemyPat_Grok15.cpp">
      <Filter>ソース ファイル\enemyPat</Filter>
    </ClCompile>
    <ClCompile Include="enemyPat_Sakana15.cpp">
      <Filter>ソース ファイル\enemyPat</Filter>
    </ClCompile>
    <ClCompile Include="enemyPat_Claude15.cpp">
      <Filter>ソース ファイル\enemyPat</Filter>
    </ClCompile>
    <ClCompile Include="enemyPat_Qwen15.cpp">
      <Filter>ソース ファイル\enemyPat</Filter>
    </ClCompile>
    <ClCompile Include="enemyPat_Vibe15.cpp">
      <Filter>ソース ファイル\enemyPat</Filter>
    </ClCompile>
    <ClCompile Include="enemyPat_DeepSeek14.cpp">
      <Filter>ソース ファイル\enemyPat</Filter>
    </ClCompile>
    <ClCompile Include="enemyPat_ChatGPT14.cpp">
      <Filter>ソース ファイル\enemyPat</Filter>
    </ClCompile>
    <ClCompile Include="enemyPat_Gemini14.cpp">
      <Filter>ソース ファイル\enemyPat</Filter>
    </ClCompile>
    <ClCompile Include="enemyPat_Grok14.cpp">
      <Filter>ソース ファイル\enemyPat</Filter>
    </ClCompile>
    <ClCompile Include="enemyPat_Sakana14.cpp">
      <Filter>ソース ファイル\enemyPat</Filter>
    </ClCompile>
    <ClCompile Include="enemyPat_Claude14.cpp">
      <Filter>ソース ファイル\enemyPat</Filter>
    </ClCompile>
    <ClCompile Include="enemyPat_Qwen14.cpp">
      <Filter>ソース ファイル\enemyPat</Filter>
    </ClCompile>
    <ClCompile Include="enemyPat_Vibe14.cpp">
      <Filter>ソース ファイル\enemyPat</Filter>
    </ClCompile>
    <ClCompile Include="enemyPat_DeepSeek13.cpp">
      <Filter>ソース ファイル\enemyPat</Filter>
    </ClCompile>
    <ClCompile Include="enemyPat_ChatGPT13.cpp">
      <Filter>ソース ファイル\enemyPat</Filter>
    </ClCompile>
    <ClCompile Include="enemyPat_Gemini13.cpp">
      <Filter>ソース ファイル\enemyPat</Filter>
    </ClCompile>
    <ClCompile Include="enemyPat_Grok13.cpp">
      <Filter>ソース ファイル\enemyPat</Filter>
    </ClCompile>
    <ClCompile Include="enemyPat_Sakana13.cpp">
      <Filter>ソース ファイル\enemyPat</Filter>
    </ClCompile>
    <ClCompile Include="enemyPat_Claude13.cpp">
      <Filter>ソース ファイル\enemyPat</Filter>
    </ClCompile>
    <ClCompile Include="enemyPat_Qwen13.cpp">
      <Filter>ソース ファイル\enemyPat</Filter>
    </ClCompile>
    <ClCompile Include="enemyPat_Vibe13.cpp">
      <Filter>ソース ファイル\enemyPat</Filter>
    </ClCompile>
    <ClCompile Include="enemyPat_DeepSeek12.cpp">
      <Filter>ソース ファイル\enemyPat</Filter>
    </ClCompile>
    <ClCompile Include="enemyPat_ChatGPT12.cpp">
      <Filter>ソース ファイル\enemyPat</Filter>
    </ClCompile>
    <ClCompile Include="enemyPat_Gemini12.cpp">
      <Filter>ソース ファイル\enemyPat</Filter>
    </ClCompile>
    <ClCompile Include="enemyPat_Grok12.cpp">
      <Filter>ソース ファイル\enemyPat</Filter>
    </ClCompile>
    <ClCompile Include="enemyPat_Sakana12.cpp">
      <Filter>ソース ファイル\enemyPat</Filter>
    </ClCompile>
    <ClCompile Include="enemyPat_Claude12.cpp">
      <Filter>ソース ファイル\enemyPat</Filter>
    </ClCompile>
    <ClCompile Include="enemyPat_Qwen12.cpp">
      <Filter>ソース ファイル\enemyPat</Filter>
    </ClCompile>
    <ClCompile Include="enemyPat_Vibe12.cpp">
      <Filter>ソース ファイル\enemyPat</Filter>
    </ClCompile>
    <ClCompile Include="enemyPat_DeepSeek11.cpp">
      <Filter>ソース ファイル\enemyPat</Filter>
    </ClCompile>
    <ClCompile Include="enemyPat_ChatGPT11.cpp">
      <Filter>ソース ファイル\enemyPat</Filter>
    </ClCompile>
    <ClCompile Include="enemyPat_Gemini11.cpp">
      <Filter>ソース ファイル\enemyPat</Filter>
    </ClCompile>
    <ClCompile Include="enemyPat_Grok11.cpp">
      <Filter>ソース ファイル\enemyPat</Filter>
    </ClCompile>
    <ClCompile Include="enemyPat_Sakana11.cpp">
      <Filter>ソース ファイル\enemyPat</Filter>
    </ClCompile>
    <ClCompile Include="enemyPat_Claude11.cpp">
      <Filter>ソース ファイル\enemyPat</Filter>
    </ClCompile>
    <ClCompile Include="enemyPat_Qwen11.cpp">
      <Filter>ソース ファイル\enemyPat</Filter>
    </ClCompile>
    <ClCompile Include="enemyPat_Vibe11.cpp">
      <Filter>ソース ファイル\enemyPat</Filter>
    </ClCompile>
    <ClCompile Include="enemyPat_DeepSeek10.cpp">
      <Filter>ソース ファイル\enemyPat</Filter>
    </ClCompile>
    <ClCompile Include="enemyPat_ChatGPT10.cpp">
      <Filter>ソース ファイル\enemyPat</Filter>
    </ClCompile>
    <ClCompile Include="enemyPat_Gemini10.cpp">
      <Filter>ソース ファイル\enemyPat</Filter>
    </ClCompile>
    <ClCompile Include="enemyPat_Grok10.cpp">
      <Filter>ソース ファイル\enemyPat</Filter>
    </ClCompile>
    <ClCompile Include="enemyPat_Sakana10.cpp">
      <Filter>ソース ファイル\enemyPat</Filter>
    </ClCompile>
    <ClCompile Include="enemyPat_Claude10.cpp">
      <Filter>ソース ファイル\enemyPat</Filter>
    </ClCompile>
    <ClCompile Include="enemyPat_Qwen10.cpp">
      <Filter>ソース ファイル\enemyPat</Filter>
    </ClCompile>
    <ClCompile Include="enemyPat_Vibe10.cpp">
      <Filter>ソース ファイル\enemyPat</Filter>
    </ClCompile>
    <ClCompile Include="enemyPat_DeepSeek9.cpp">
      <Filter>ソース ファイル\enemyPat</Filter>
    </ClCompile>
    <ClCompile Include="enemyPat_ChatGPT9.cpp">
      <Filter>ソース ファイル\enemyPat</Filter>
    </ClCompile>
    <ClCompile Include="enemyPat_Gemini9.cpp">
      <Filter>ソース ファイル\enemyPat</Filter>
    </ClCompile>
    <ClCompile Include="enemyPat_Grok9.cpp">
      <Filter>ソース ファイル\enemyPat</Filter>
    </ClCompile>
    <ClCompile Include="enemyPat_Sakana9.cpp">
      <Filter>ソース ファイル\enemyPat</Filter>
    </ClCompile>
    <ClCompile Include="enemyPat_Claude9.cpp">
      <Filter>ソース ファイル\enemyPat</Filter>
    </ClCompile>
    <ClCompile Include="enemyPat_Qwen9.cpp">
      <Filter>ソース ファイル\enemyPat</Filter>
    </ClCompile>
    <ClCompile Include="enemyPat_Vibe9.cpp">
      <Filter>ソース ファイル\enemyPat</Filter>
    </ClCompile>
    <ClCompile Include="enemyPat_DeepSeek8.cpp">
      <Filter>ソース ファイル\enemyPat</Filter>
    </ClCompile>
    <ClCompile Include="enemyPat_ChatGPT8.cpp">
      <Filter>ソース ファイル\enemyPat</Filter>
    </ClCompile>
    <ClCompile Include="enemyPat_Gemini8.cpp">
      <Filter>ソース ファイル\enemyPat</Filter>
    </ClCompile>
    <ClCompile Include="enemyPat_Grok8.cpp">
      <Filter>ソース ファイル\enemyPat</Filter>
    </ClCompile>
    <ClCompile Include="enemyPat_Sakana8.cpp">
      <Filter>ソース ファイル\enemyPat</Filter>
    </ClCompile>
    <ClCompile Include="enemyPat_Claude8.cpp">
      <Filter>ソース ファイル\enemyPat</Filter>
    </ClCompile>
    <ClCompile Include="enemyPat_Qwen8.cpp">
      <Filter>ソース ファイル\enemyPat</Filter>
    </ClCompile>
    <ClCompile Include="enemyPat_DeepSeek5.cpp">
      <Filter>ソース ファイル\enemyPat</Filter>
    </ClCompile>
    <ClCompile Include="enemyPat_Gemini5.cpp">
      <Filter>ソース ファイル\enemyPat</Filter>
    </ClCompile>
    <ClCompile Include="enemyPat_Grok5.cpp">
      <Filter>ソース ファイル\enemyPat</Filter>
    </ClCompile>
    <ClCompile Include="enemyPat_Qwen5.cpp">
      <Filter>ソース ファイル\enemyPat</Filter>
    </ClCompile>
    <ClCompile Include="enemyPat_Sakana5.cpp">
      <Filter>ソース ファイル\enemyPat</Filter>
    </ClCompile>
    <ClCompile Include="enemyPat_DeepSeek6.cpp">
      <Filter>ソース ファイル\enemyPat</Filter>
    </ClCompile>
    <ClCompile Include="enemyPat_ChatGPT6.cpp">
      <Filter>ソース ファイル\enemyPat</Filter>
    </ClCompile>
    <ClCompile Include="enemyPat_Claude6.cpp">
      <Filter>ソース ファイル\enemyPat</Filter>
    </ClCompile>
    <ClCompile Include="enemyPat_Gemini6.cpp">
      <Filter>ソース ファイル\enemyPat</Filter>
    </ClCompile>
    <ClCompile Include="enemyPat_Grok6.cpp">
      <Filter>ソース ファイル\enemyPat</Filter>
    </ClCompile>
    <ClCompile Include="enemyPat_Qwen6.cpp">
      <Filter>ソース ファイル\enemyPat</Filter>
    </ClCompile>
    <ClCompile Include="enemyPat_Sakana6.cpp">
      <Filter>ソース ファイル\enemyPat</Filter>
    </ClCompile>
    <ClCompile Include="enemyPat_handmade4.cpp">
      <Filter>ソース ファイル\enemyPat</Filter>
    </ClCompile>
    <ClCompile Include="replay.cpp">
      <Filter>ソース ファイル</Filter>
    </ClCompile>
    <ClCompile Include="enemyPat_ChatGPT7.cpp">
      <Filter>ソース ファイル\enemyPat</Filter>
    </ClCompile>
    <ClCompile Include="enemyPat_Claude7.cpp">
      <Filter>ソース ファイル\enemyPat</Filter>
    </ClCompile>
    <ClCompile Include="enemyPat_DeepSeek7.cpp">
      <Filter>ソース ファイル\enemyPat</Filter>
    </ClCompile>
    <ClCompile Include="enemyPat_Gemini7.cpp">
      <Filter>ソース ファイル\enemyPat</Filter>
    </ClCompile>
    <ClCompile Include="enemyPat_Grok7.cpp">
      <Filter>ソース ファイル\enemyPat</Filter>
    </ClCompile>
    <ClCompile Include="enemyPat_Qwen7.cpp">
      <Filter>ソース ファイル\enemyPat</Filter>
    </ClCompile>
    <ClCompile Include="enemyPat_Sakana7.cpp">
      <Filter>ソース ファイル\enemyPat</Filter>
    </ClCompile>
    <ClCompile Include="enemyPat_GrokEX1.cpp">
      <Filter>ソース ファイル\enemyPat</Filter>
    </ClCompile>
    <ClCompile Include="enemyPat_Vibe7.cpp">
      <Filter>ソース ファイル\enemyPat</Filter>
    </ClCompile>
    <ClCompile Include="enemyPat_Vibe6.cpp">
      <Filter>ソース ファイル\enemyPat</Filter>
    </ClCompile>
    <ClCompile Include="enemyPat_Vibe5.cpp">
      <Filter>ソース ファイル\enemyPat</Filter>
    </ClCompile>
    <ClCompile Include="enemyPat_Vibe4.cpp">
      <Filter>ソース ファイル\enemyPat</Filter>
    </ClCompile>
    <ClCompile Include="enemyPat_Vibe3.cpp">
      <Filter>ソース ファイル\enemyPat</Filter>
    </ClCompile>
    <ClCompile Include="enemyPat_Vibe2.cpp">
      <Filter>ソース ファイル\enemyPat</Filter>
    </ClCompile>
    <ClCompile Include="enemyPat_Vibe1.cpp">
      <Filter>ソース ファイル\enemyPat</Filter>
    </ClCompile>
    <ClCompile Include="enemyPat_Vibe8.cpp">
      <Filter>ソース ファイル\enemyPat</Filter>
    </ClCompile>
    <ClCompile Include="enemyPat_GeminiEx1.cpp">
      <Filter>ソース ファイル\enemyPat</Filter>
    </ClCompile>
    <ClCompile Include="enemyPat_handmade5.cpp">
      <Filter>ソース ファイル\enemyPat</Filter>
    </ClCompile>
    <ClCompile Include="enemyPat_DeepSeekEx1.cpp">
      <Filter>ソース ファイル\enemyPat</Filter>
    </ClCompile>
    <ClCompile Include="enemyPat_DeepSeekEx2.cpp">
      <Filter>ソース ファイル\enemyPat</Filter>
    </ClCompile>
    <ClCompile Include="stateManager.cpp">
      <Filter>ソース ファイル</Filter>
    </ClCompile>
    <ClCompile Include="enemyPat_ChatGPTEx1.cpp">
      <Filter>ソース ファイル\enemyPat</Filter>
    </ClCompile>
    <ClCompile Include="enemyPat_ClaudeEx4.cpp">
      <Filter>ソース ファイル\enemyPat</Filter>
    </ClCompile>
    <ClCompile Include="enemyPat_ClaudeEx3.cpp">
      <Filter>ソース ファイル\enemyPat</Filter>
    </ClCompile>
    <ClCompile Include="enemyPat_GeminiEx2.cpp">
      <Filter>ソース ファイル\enemyPat</Filter>
    </ClCompile>
    <ClCompile Include="enemyPat_handmade6.cpp">
      <Filter>ソース ファイル\enemyPat</Filter>
    </ClCompile>
  </ItemGroup>
  <ItemGroup>
    <ClInclude Include="stageData.h">
      <Filter>ヘッダー ファイル</Filter>
    </ClInclude>
    <ClInclude Include="gameScreen.h">
      <Filter>ヘッダー ファイル</Filter>
    </ClInclude>
    <ClInclude Include="enemy.h">
      <Filter>ヘッダー ファイル</Filter>
    </ClInclude>
    <ClInclude Include="enemyShot.h">
      <Filter>ヘッダー ファイル</Filter>
    </ClInclude>
    <ClInclude Include="fileOpenClose.h">
      <Filter>ヘッダー ファイル</Filter>
    </ClInclude>
    <ClInclude Include="fps.h">
      <Filter>ヘッダー ファイル</Filter>
    </ClInclude>
    <ClInclude Include="getHitKeyStateAll2.h">
      <Filter>ヘッダー ファイル</Filter>
    </ClInclude>
    <ClInclude Include="gv.h">
      <Filter>ヘッダー ファイル</Filter>
    </ClInclude>
    <ClInclude Include="imgSoundLoad.h">
      <Filter>ヘッダー ファイル</Filter>
    </ClInclude>
    <ClInclude Include="initial.h">
      <Filter>ヘッダー ファイル</Filter>
    </ClInclude>
    <ClInclude Include="menu.h">
      <Filter>ヘッダー ファイル</Filter>
    </ClInclude>
    <ClInclude Include="player.h">
      <Filter>ヘッダー ファイル</Filter>
    </ClInclude>
    <ClInclude Include="playerShot.h">
      <Filter>ヘッダー ファイル</Filter>
    </ClInclude>
    <ClInclude Include="replay.h">
      <Filter>ヘッダー ファイル</Filter>
    </ClInclude>
    <ClInclude Include="stateManager.h">
      <Filter>ヘッダー ファイル</Filter>
    </ClInclude>
  </ItemGroup>
  <ItemGroup>
    <None Include="saveData\bestTime.json">
      <Filter>リソース ファイル\saveData</Filter>
    </None>
    <None Include="saveData\cursor.json">
      <Filter>リソース ファイル\saveData</Filter>
    </None>
    <None Include="saveData\window.json">
      <Filter>リソース ファイル\saveData</Filter>
    </None>
  </ItemGroup>
</Project>